// !$*UTF8*$!
{
	archiveVersion = 1;
	classes = {
	};
	objectVersion = 45;
	objects = {

/* Begin PBXBuildFile section */
		1D3623260D0F684500981E51 /* TWWeatherAppDelegate.m in Sources */ = {isa = PBXBuildFile; fileRef = 1D3623250D0F684500981E51 /* TWWeatherAppDelegate.m */; };
		1D60589B0D05DD56006BFB54 /* main.m in Sources */ = {isa = PBXBuildFile; fileRef = 29B97316FDCFA39411CA2CEA /* main.m */; };
		1D60589F0D05DD5A006BFB54 /* Foundation.framework in Frameworks */ = {isa = PBXBuildFile; fileRef = 1D30AB110D05D00D00671497 /* Foundation.framework */; };
		1DF5F4E00D08C38300B7A737 /* UIKit.framework in Frameworks */ = {isa = PBXBuildFile; fileRef = 1DF5F4DF0D08C38300B7A737 /* UIKit.framework */; };
		2892E4100DC94CBA00A64D0F /* CoreGraphics.framework in Frameworks */ = {isa = PBXBuildFile; fileRef = 2892E40F0DC94CBA00A64D0F /* CoreGraphics.framework */; };
		2899E5600DE3E45000AC0155 /* RootViewController.xib in Resources */ = {isa = PBXBuildFile; fileRef = 2899E55F0DE3E45000AC0155 /* RootViewController.xib */; };
		28AD73600D9D9599002E5188 /* MainWindow.xib in Resources */ = {isa = PBXBuildFile; fileRef = 28AD735F0D9D9599002E5188 /* MainWindow.xib */; };
		28C286E10D94DF7D0034E888 /* RootViewController.m in Sources */ = {isa = PBXBuildFile; fileRef = 28C286E00D94DF7D0034E888 /* RootViewController.m */; };
		D4041BA60F1BC7E400B52BC9 /* ZBForecastsListTableViewController.m in Sources */ = {isa = PBXBuildFile; fileRef = D4041BA50F1BC7E400B52BC9 /* ZBForecastsListTableViewController.m */; };
		D4041BC00F1BC95600B52BC9 /* ZBForecastTableViewController.m in Sources */ = {isa = PBXBuildFile; fileRef = D4041BBF0F1BC95600B52BC9 /* ZBForecastTableViewController.m */; };
		D4041C1A0F1BD27C00B52BC9 /* ZBForecastTableViewCell.m in Sources */ = {isa = PBXBuildFile; fileRef = D4041C190F1BD27C00B52BC9 /* ZBForecastTableViewCell.m */; };
		D4041DC40F1BEA7E00B52BC9 /* DayCloudy.png in Resources */ = {isa = PBXBuildFile; fileRef = D4041DB40F1BEA7E00B52BC9 /* DayCloudy.png */; };
		D4041DC50F1BEA7E00B52BC9 /* DayCloudyGlommy.png in Resources */ = {isa = PBXBuildFile; fileRef = D4041DB50F1BEA7E00B52BC9 /* DayCloudyGlommy.png */; };
		D4041DC60F1BEA7E00B52BC9 /* DayCloudySunny.png in Resources */ = {isa = PBXBuildFile; fileRef = D4041DB60F1BEA7E00B52BC9 /* DayCloudySunny.png */; };
		D4041DC70F1BEA7E00B52BC9 /* DayGlommy.png in Resources */ = {isa = PBXBuildFile; fileRef = D4041DB70F1BEA7E00B52BC9 /* DayGlommy.png */; };
		D4041DC80F1BEA7E00B52BC9 /* DayGloomyRainy.png in Resources */ = {isa = PBXBuildFile; fileRef = D4041DB80F1BEA7E00B52BC9 /* DayGloomyRainy.png */; };
		D4041DC90F1BEA7E00B52BC9 /* DayRainy.png in Resources */ = {isa = PBXBuildFile; fileRef = D4041DB90F1BEA7E00B52BC9 /* DayRainy.png */; };
		D4041DCA0F1BEA7E00B52BC9 /* DaySunny.png in Resources */ = {isa = PBXBuildFile; fileRef = D4041DBA0F1BEA7E00B52BC9 /* DaySunny.png */; };
		D4041DCB0F1BEA7E00B52BC9 /* DaySunnyCloudy.png in Resources */ = {isa = PBXBuildFile; fileRef = D4041DBB0F1BEA7E00B52BC9 /* DaySunnyCloudy.png */; };
		D4041DCC0F1BEA7E00B52BC9 /* NightCloudy.png in Resources */ = {isa = PBXBuildFile; fileRef = D4041DBC0F1BEA7E00B52BC9 /* NightCloudy.png */; };
		D4041DCD0F1BEA7E00B52BC9 /* NightCloudyGlommy.png in Resources */ = {isa = PBXBuildFile; fileRef = D4041DBD0F1BEA7E00B52BC9 /* NightCloudyGlommy.png */; };
		D4041DCE0F1BEA7E00B52BC9 /* NightCloudySunny.png in Resources */ = {isa = PBXBuildFile; fileRef = D4041DBE0F1BEA7E00B52BC9 /* NightCloudySunny.png */; };
		D4041DCF0F1BEA7E00B52BC9 /* NightGlommy.png in Resources */ = {isa = PBXBuildFile; fileRef = D4041DBF0F1BEA7E00B52BC9 /* NightGlommy.png */; };
		D4041DD00F1BEA7E00B52BC9 /* NightGloomyRainy.png in Resources */ = {isa = PBXBuildFile; fileRef = D4041DC00F1BEA7E00B52BC9 /* NightGloomyRainy.png */; };
		D4041DD10F1BEA7E00B52BC9 /* NightRainy.png in Resources */ = {isa = PBXBuildFile; fileRef = D4041DC10F1BEA7E00B52BC9 /* NightRainy.png */; };
		D4041DD20F1BEA7E00B52BC9 /* NightSunny.png in Resources */ = {isa = PBXBuildFile; fileRef = D4041DC20F1BEA7E00B52BC9 /* NightSunny.png */; };
		D4041DD30F1BEA7E00B52BC9 /* NightSunnyCloudy.png in Resources */ = {isa = PBXBuildFile; fileRef = D4041DC30F1BEA7E00B52BC9 /* NightSunnyCloudy.png */; };
		D4041E220F1BF28500B52BC9 /* ZBOverviewViewController.m in Sources */ = {isa = PBXBuildFile; fileRef = D4041E210F1BF28500B52BC9 /* ZBOverviewViewController.m */; };
		D4041E280F1BF2E500B52BC9 /* ZBOverviewViewController.xib in Resources */ = {isa = PBXBuildFile; fileRef = D4041E270F1BF2E500B52BC9 /* ZBOverviewViewController.xib */; };
		D4194E480F2230D700C198D2 /* ZBWeekTableViewController.m in Sources */ = {isa = PBXBuildFile; fileRef = D4194E470F2230D700C198D2 /* ZBWeekTableViewController.m */; };
		D4194E4F0F22317E00C198D2 /* TWWeatherAPI+Week.m in Sources */ = {isa = PBXBuildFile; fileRef = D4194E4E0F22317E00C198D2 /* TWWeatherAPI+Week.m */; };
		D4194F310F22400F00C198D2 /* ZBWeekTableViewCell.m in Sources */ = {isa = PBXBuildFile; fileRef = D4194F300F22400F00C198D2 /* ZBWeekTableViewCell.m */; };
		D4205BDC0F22709B0023EC12 /* TWWeather.plist in Resources */ = {isa = PBXBuildFile; fileRef = D4205BDB0F22709B0023EC12 /* TWWeather.plist */; };
		D42831A00F1A75840099C0EA /* LFHTTPRequest.m in Sources */ = {isa = PBXBuildFile; fileRef = D428319E0F1A75840099C0EA /* LFHTTPRequest.m */; };
		D42831A60F1A776B0099C0EA /* CFNetwork.framework in Frameworks */ = {isa = PBXBuildFile; fileRef = D42831A50F1A776B0099C0EA /* CFNetwork.framework */; };
		D456E9270F2B44CF00D9F749 /* ZBWeekTravelListTableViewController.m in Sources */ = {isa = PBXBuildFile; fileRef = D456E9260F2B44CF00D9F749 /* ZBWeekTravelListTableViewController.m */; };
		D46E25EB0F1D23FA0037030D /* ZBForecastPickerViewController.m in Sources */ = {isa = PBXBuildFile; fileRef = D46E25EA0F1D23FA0037030D /* ZBForecastPickerViewController.m */; };
		D46E25F00F1D242C0037030D /* ZBForecastPickerViewController.xib in Resources */ = {isa = PBXBuildFile; fileRef = D46E25EF0F1D242C0037030D /* ZBForecastPickerViewController.xib */; };
		D46E265F0F1D31840037030D /* ZBGraphicsListTableViewCell.m in Sources */ = {isa = PBXBuildFile; fileRef = D46E265E0F1D31840037030D /* ZBGraphicsListTableViewCell.m */; };
		D46E26F30F1D3DB30037030D /* Reachability.m in Sources */ = {isa = PBXBuildFile; fileRef = D46E26F20F1D3DB30037030D /* Reachability.m */; };
		D46E27070F1D3F890037030D /* SystemConfiguration.framework in Frameworks */ = {isa = PBXBuildFile; fileRef = D46E27060F1D3F890037030D /* SystemConfiguration.framework */; };
		D46E274C0F1D40C60037030D /* Info.png in Resources */ = {isa = PBXBuildFile; fileRef = D46E274B0F1D40C60037030D /* Info.png */; };
		D48B091C0F2147D3004685AC /* TWWeatherAPI.m in Sources */ = {isa = PBXBuildFile; fileRef = D48B091B0F2147D3004685AC /* TWWeatherAPI.m */; };
		D48B0A7E0F2162DC004685AC /* TWWeatherAPI+OverViewParser.m in Sources */ = {isa = PBXBuildFile; fileRef = D48B0A7D0F2162DC004685AC /* TWWeatherAPI+OverViewParser.m */; };
		D48B0A960F216377004685AC /* TWWeatherAPI+ForecastParser.m in Sources */ = {isa = PBXBuildFile; fileRef = D48B0A950F216377004685AC /* TWWeatherAPI+ForecastParser.m */; };
		D48B0AC40F216579004685AC /* TWWeatherAPI+Graphic.m in Sources */ = {isa = PBXBuildFile; fileRef = D48B0AC30F216579004685AC /* TWWeatherAPI+Graphic.m */; };
		D48B0B750F216D57004685AC /* Icon.png in Resources */ = {isa = PBXBuildFile; fileRef = D48B0B740F216D57004685AC /* Icon.png */; };
		D48B0CC20F217D91004685AC /* zonble.jpg in Resources */ = {isa = PBXBuildFile; fileRef = D48B0CC10F217D91004685AC /* zonble.jpg */; };
		D48B0CE30F2181EA004685AC /* ball.png in Resources */ = {isa = PBXBuildFile; fileRef = D48B0CE20F2181EA004685AC /* ball.png */; };
		D48B0CEA0F21827A004685AC /* Default.png in Resources */ = {isa = PBXBuildFile; fileRef = D48B0CE90F21827A004685AC /* Default.png */; };
		D48B0CF60F218653004685AC /* InfoPlist.strings in Resources */ = {isa = PBXBuildFile; fileRef = D48B0CF50F218653004685AC /* InfoPlist.strings */; };
		D48B0D280F221050004685AC /* ZBWeekListTableViewController.m in Sources */ = {isa = PBXBuildFile; fileRef = D48B0D270F221050004685AC /* ZBWeekListTableViewController.m */; };
		D4E4A0FC0F1A88C2000AD857 /* ZBGraphicsListTableViewController.m in Sources */ = {isa = PBXBuildFile; fileRef = D4E4A0FB0F1A88C2000AD857 /* ZBGraphicsListTableViewController.m */; };
		D4E4A11A0F1A8BC6000AD857 /* ZBGraphicViewController.m in Sources */ = {isa = PBXBuildFile; fileRef = D4E4A1190F1A8BC6000AD857 /* ZBGraphicViewController.m */; };
		D4E4A11F0F1A8C5F000AD857 /* ZBGraphicViewController.xib in Resources */ = {isa = PBXBuildFile; fileRef = D4E4A11E0F1A8C5F000AD857 /* ZBGraphicViewController.xib */; };
		D4E4A1810F1A9523000AD857 /* ZBFileCache.m in Sources */ = {isa = PBXBuildFile; fileRef = D4E4A1800F1A9523000AD857 /* ZBFileCache.m */; };
		D4E4A2000F1B39E3000AD857 /* ZBForecastsArrayController.m in Sources */ = {isa = PBXBuildFile; fileRef = D4E4A1FF0F1B39E3000AD857 /* ZBForecastsArrayController.m */; };
/* End PBXBuildFile section */

/* Begin PBXFileReference section */
		1D30AB110D05D00D00671497 /* Foundation.framework */ = {isa = PBXFileReference; lastKnownFileType = wrapper.framework; name = Foundation.framework; path = System/Library/Frameworks/Foundation.framework; sourceTree = SDKROOT; };
		1D3623240D0F684500981E51 /* TWWeatherAppDelegate.h */ = {isa = PBXFileReference; fileEncoding = 4; lastKnownFileType = sourcecode.c.h; path = TWWeatherAppDelegate.h; sourceTree = "<group>"; };
		1D3623250D0F684500981E51 /* TWWeatherAppDelegate.m */ = {isa = PBXFileReference; fileEncoding = 4; lastKnownFileType = sourcecode.c.objc; path = TWWeatherAppDelegate.m; sourceTree = "<group>"; };
		1D6058910D05DD3D006BFB54 /* TWWeather.app */ = {isa = PBXFileReference; explicitFileType = wrapper.application; includeInIndex = 0; path = TWWeather.app; sourceTree = BUILT_PRODUCTS_DIR; };
		1DF5F4DF0D08C38300B7A737 /* UIKit.framework */ = {isa = PBXFileReference; lastKnownFileType = wrapper.framework; name = UIKit.framework; path = System/Library/Frameworks/UIKit.framework; sourceTree = SDKROOT; };
		2892E40F0DC94CBA00A64D0F /* CoreGraphics.framework */ = {isa = PBXFileReference; lastKnownFileType = wrapper.framework; name = CoreGraphics.framework; path = System/Library/Frameworks/CoreGraphics.framework; sourceTree = SDKROOT; };
		2899E55F0DE3E45000AC0155 /* RootViewController.xib */ = {isa = PBXFileReference; lastKnownFileType = file.xib; path = RootViewController.xib; sourceTree = "<group>"; };
		28A0AAE50D9B0CCF005BE974 /* TWWeather_Prefix.pch */ = {isa = PBXFileReference; fileEncoding = 4; lastKnownFileType = sourcecode.c.h; path = TWWeather_Prefix.pch; sourceTree = "<group>"; };
		28AD735F0D9D9599002E5188 /* MainWindow.xib */ = {isa = PBXFileReference; lastKnownFileType = file.xib; path = MainWindow.xib; sourceTree = "<group>"; };
		28C286DF0D94DF7D0034E888 /* RootViewController.h */ = {isa = PBXFileReference; fileEncoding = 4; lastKnownFileType = sourcecode.c.h; path = RootViewController.h; sourceTree = "<group>"; };
		28C286E00D94DF7D0034E888 /* RootViewController.m */ = {isa = PBXFileReference; fileEncoding = 4; lastKnownFileType = sourcecode.c.objc; path = RootViewController.m; sourceTree = "<group>"; };
		29B97316FDCFA39411CA2CEA /* main.m */ = {isa = PBXFileReference; fileEncoding = 4; lastKnownFileType = sourcecode.c.objc; path = main.m; sourceTree = "<group>"; };
		8D1107310486CEB800E47090 /* Info.plist */ = {isa = PBXFileReference; fileEncoding = 4; lastKnownFileType = text.plist.xml; path = Info.plist; sourceTree = "<group>"; };
		D4041BA40F1BC7E400B52BC9 /* ZBForecastsListTableViewController.h */ = {isa = PBXFileReference; fileEncoding = 4; lastKnownFileType = sourcecode.c.h; path = ZBForecastsListTableViewController.h; sourceTree = "<group>"; };
		D4041BA50F1BC7E400B52BC9 /* ZBForecastsListTableViewController.m */ = {isa = PBXFileReference; fileEncoding = 4; lastKnownFileType = sourcecode.c.objc; path = ZBForecastsListTableViewController.m; sourceTree = "<group>"; };
		D4041BBE0F1BC95600B52BC9 /* ZBForecastTableViewController.h */ = {isa = PBXFileReference; fileEncoding = 4; lastKnownFileType = sourcecode.c.h; path = ZBForecastTableViewController.h; sourceTree = "<group>"; };
		D4041BBF0F1BC95600B52BC9 /* ZBForecastTableViewController.m */ = {isa = PBXFileReference; fileEncoding = 4; lastKnownFileType = sourcecode.c.objc; path = ZBForecastTableViewController.m; sourceTree = "<group>"; };
		D4041C180F1BD27C00B52BC9 /* ZBForecastTableViewCell.h */ = {isa = PBXFileReference; fileEncoding = 4; lastKnownFileType = sourcecode.c.h; path = ZBForecastTableViewCell.h; sourceTree = "<group>"; };
		D4041C190F1BD27C00B52BC9 /* ZBForecastTableViewCell.m */ = {isa = PBXFileReference; fileEncoding = 4; lastKnownFileType = sourcecode.c.objc; path = ZBForecastTableViewCell.m; sourceTree = "<group>"; };
		D4041DB40F1BEA7E00B52BC9 /* DayCloudy.png */ = {isa = PBXFileReference; lastKnownFileType = image.png; name = DayCloudy.png; path = Images/DayCloudy.png; sourceTree = "<group>"; };
		D4041DB50F1BEA7E00B52BC9 /* DayCloudyGlommy.png */ = {isa = PBXFileReference; lastKnownFileType = image.png; name = DayCloudyGlommy.png; path = Images/DayCloudyGlommy.png; sourceTree = "<group>"; };
		D4041DB60F1BEA7E00B52BC9 /* DayCloudySunny.png */ = {isa = PBXFileReference; lastKnownFileType = image.png; name = DayCloudySunny.png; path = Images/DayCloudySunny.png; sourceTree = "<group>"; };
		D4041DB70F1BEA7E00B52BC9 /* DayGlommy.png */ = {isa = PBXFileReference; lastKnownFileType = image.png; name = DayGlommy.png; path = Images/DayGlommy.png; sourceTree = "<group>"; };
		D4041DB80F1BEA7E00B52BC9 /* DayGloomyRainy.png */ = {isa = PBXFileReference; lastKnownFileType = image.png; name = DayGloomyRainy.png; path = Images/DayGloomyRainy.png; sourceTree = "<group>"; };
		D4041DB90F1BEA7E00B52BC9 /* DayRainy.png */ = {isa = PBXFileReference; lastKnownFileType = image.png; name = DayRainy.png; path = Images/DayRainy.png; sourceTree = "<group>"; };
		D4041DBA0F1BEA7E00B52BC9 /* DaySunny.png */ = {isa = PBXFileReference; lastKnownFileType = image.png; name = DaySunny.png; path = Images/DaySunny.png; sourceTree = "<group>"; };
		D4041DBB0F1BEA7E00B52BC9 /* DaySunnyCloudy.png */ = {isa = PBXFileReference; lastKnownFileType = image.png; name = DaySunnyCloudy.png; path = Images/DaySunnyCloudy.png; sourceTree = "<group>"; };
		D4041DBC0F1BEA7E00B52BC9 /* NightCloudy.png */ = {isa = PBXFileReference; lastKnownFileType = image.png; name = NightCloudy.png; path = Images/NightCloudy.png; sourceTree = "<group>"; };
		D4041DBD0F1BEA7E00B52BC9 /* NightCloudyGlommy.png */ = {isa = PBXFileReference; lastKnownFileType = image.png; name = NightCloudyGlommy.png; path = Images/NightCloudyGlommy.png; sourceTree = "<group>"; };
		D4041DBE0F1BEA7E00B52BC9 /* NightCloudySunny.png */ = {isa = PBXFileReference; lastKnownFileType = image.png; name = NightCloudySunny.png; path = Images/NightCloudySunny.png; sourceTree = "<group>"; };
		D4041DBF0F1BEA7E00B52BC9 /* NightGlommy.png */ = {isa = PBXFileReference; lastKnownFileType = image.png; name = NightGlommy.png; path = Images/NightGlommy.png; sourceTree = "<group>"; };
		D4041DC00F1BEA7E00B52BC9 /* NightGloomyRainy.png */ = {isa = PBXFileReference; lastKnownFileType = image.png; name = NightGloomyRainy.png; path = Images/NightGloomyRainy.png; sourceTree = "<group>"; };
		D4041DC10F1BEA7E00B52BC9 /* NightRainy.png */ = {isa = PBXFileReference; lastKnownFileType = image.png; name = NightRainy.png; path = Images/NightRainy.png; sourceTree = "<group>"; };
		D4041DC20F1BEA7E00B52BC9 /* NightSunny.png */ = {isa = PBXFileReference; lastKnownFileType = image.png; name = NightSunny.png; path = Images/NightSunny.png; sourceTree = "<group>"; };
		D4041DC30F1BEA7E00B52BC9 /* NightSunnyCloudy.png */ = {isa = PBXFileReference; lastKnownFileType = image.png; name = NightSunnyCloudy.png; path = Images/NightSunnyCloudy.png; sourceTree = "<group>"; };
		D4041E200F1BF28500B52BC9 /* ZBOverviewViewController.h */ = {isa = PBXFileReference; fileEncoding = 4; lastKnownFileType = sourcecode.c.h; path = ZBOverviewViewController.h; sourceTree = "<group>"; };
		D4041E210F1BF28500B52BC9 /* ZBOverviewViewController.m */ = {isa = PBXFileReference; fileEncoding = 4; lastKnownFileType = sourcecode.c.objc; path = ZBOverviewViewController.m; sourceTree = "<group>"; };
		D4041E270F1BF2E500B52BC9 /* ZBOverviewViewController.xib */ = {isa = PBXFileReference; lastKnownFileType = file.xib; path = ZBOverviewViewController.xib; sourceTree = "<group>"; };
		D4194E460F2230D700C198D2 /* ZBWeekTableViewController.h */ = {isa = PBXFileReference; fileEncoding = 4; lastKnownFileType = sourcecode.c.h; path = ZBWeekTableViewController.h; sourceTree = "<group>"; };
		D4194E470F2230D700C198D2 /* ZBWeekTableViewController.m */ = {isa = PBXFileReference; fileEncoding = 4; lastKnownFileType = sourcecode.c.objc; path = ZBWeekTableViewController.m; sourceTree = "<group>"; };
		D4194E4D0F22317E00C198D2 /* TWWeatherAPI+Week.h */ = {isa = PBXFileReference; fileEncoding = 4; lastKnownFileType = sourcecode.c.h; name = "TWWeatherAPI+Week.h"; path = "WeatherAPI/TWWeatherAPI+Week.h"; sourceTree = SOURCE_ROOT; };
		D4194E4E0F22317E00C198D2 /* TWWeatherAPI+Week.m */ = {isa = PBXFileReference; fileEncoding = 4; lastKnownFileType = sourcecode.c.objc; name = "TWWeatherAPI+Week.m"; path = "WeatherAPI/TWWeatherAPI+Week.m"; sourceTree = SOURCE_ROOT; };
		D4194F2F0F22400F00C198D2 /* ZBWeekTableViewCell.h */ = {isa = PBXFileReference; fileEncoding = 4; lastKnownFileType = sourcecode.c.h; path = ZBWeekTableViewCell.h; sourceTree = "<group>"; };
		D4194F300F22400F00C198D2 /* ZBWeekTableViewCell.m */ = {isa = PBXFileReference; fileEncoding = 4; lastKnownFileType = sourcecode.c.objc; path = ZBWeekTableViewCell.m; sourceTree = "<group>"; };
		D4205BDB0F22709B0023EC12 /* TWWeather.plist */ = {isa = PBXFileReference; fileEncoding = 4; lastKnownFileType = text.plist.xml; path = TWWeather.plist; sourceTree = "<group>"; };
		D428319E0F1A75840099C0EA /* LFHTTPRequest.m */ = {isa = PBXFileReference; fileEncoding = 4; lastKnownFileType = sourcecode.c.objc; name = LFHTTPRequest.m; path = LFHTTPRequest/LFHTTPRequest.m; sourceTree = "<group>"; };
		D428319F0F1A75840099C0EA /* LFHTTPRequest.h */ = {isa = PBXFileReference; fileEncoding = 4; lastKnownFileType = sourcecode.c.h; name = LFHTTPRequest.h; path = LFHTTPRequest/LFHTTPRequest.h; sourceTree = "<group>"; };
		D42831A50F1A776B0099C0EA /* CFNetwork.framework */ = {isa = PBXFileReference; lastKnownFileType = wrapper.framework; name = CFNetwork.framework; path = System/Library/Frameworks/CFNetwork.framework; sourceTree = SDKROOT; };
		D456E9250F2B44CF00D9F749 /* ZBWeekTravelListTableViewController.h */ = {isa = PBXFileReference; fileEncoding = 4; lastKnownFileType = sourcecode.c.h; path = ZBWeekTravelListTableViewController.h; sourceTree = "<group>"; };
		D456E9260F2B44CF00D9F749 /* ZBWeekTravelListTableViewController.m */ = {isa = PBXFileReference; fileEncoding = 4; lastKnownFileType = sourcecode.c.objc; path = ZBWeekTravelListTableViewController.m; sourceTree = "<group>"; };
		D46E25E90F1D23FA0037030D /* ZBForecastPickerViewController.h */ = {isa = PBXFileReference; fileEncoding = 4; lastKnownFileType = sourcecode.c.h; path = ZBForecastPickerViewController.h; sourceTree = "<group>"; };
		D46E25EA0F1D23FA0037030D /* ZBForecastPickerViewController.m */ = {isa = PBXFileReference; fileEncoding = 4; lastKnownFileType = sourcecode.c.objc; path = ZBForecastPickerViewController.m; sourceTree = "<group>"; };
		D46E25EF0F1D242C0037030D /* ZBForecastPickerViewController.xib */ = {isa = PBXFileReference; lastKnownFileType = file.xib; path = ZBForecastPickerViewController.xib; sourceTree = "<group>"; };
		D46E265D0F1D31840037030D /* ZBGraphicsListTableViewCell.h */ = {isa = PBXFileReference; fileEncoding = 4; lastKnownFileType = sourcecode.c.h; path = ZBGraphicsListTableViewCell.h; sourceTree = "<group>"; };
		D46E265E0F1D31840037030D /* ZBGraphicsListTableViewCell.m */ = {isa = PBXFileReference; fileEncoding = 4; lastKnownFileType = sourcecode.c.objc; path = ZBGraphicsListTableViewCell.m; sourceTree = "<group>"; };
		D46E26F10F1D3DB30037030D /* Reachability.h */ = {isa = PBXFileReference; fileEncoding = 4; lastKnownFileType = sourcecode.c.h; name = Reachability.h; path = Reachability/Reachability.h; sourceTree = "<group>"; };
		D46E26F20F1D3DB30037030D /* Reachability.m */ = {isa = PBXFileReference; fileEncoding = 4; lastKnownFileType = sourcecode.c.objc; name = Reachability.m; path = Reachability/Reachability.m; sourceTree = "<group>"; };
		D46E27060F1D3F890037030D /* SystemConfiguration.framework */ = {isa = PBXFileReference; lastKnownFileType = wrapper.framework; name = SystemConfiguration.framework; path = System/Library/Frameworks/SystemConfiguration.framework; sourceTree = SDKROOT; };
		D46E274B0F1D40C60037030D /* Info.png */ = {isa = PBXFileReference; lastKnownFileType = image.png; name = Info.png; path = Images/Info.png; sourceTree = "<group>"; };
		D48B091A0F2147D3004685AC /* TWWeatherAPI.h */ = {isa = PBXFileReference; fileEncoding = 4; lastKnownFileType = sourcecode.c.h; name = TWWeatherAPI.h; path = WeatherAPI/TWWeatherAPI.h; sourceTree = SOURCE_ROOT; };
		D48B091B0F2147D3004685AC /* TWWeatherAPI.m */ = {isa = PBXFileReference; fileEncoding = 4; lastKnownFileType = sourcecode.c.objc; name = TWWeatherAPI.m; path = WeatherAPI/TWWeatherAPI.m; sourceTree = SOURCE_ROOT; };
		D48B0A7C0F2162DC004685AC /* TWWeatherAPI+OverViewParser.h */ = {isa = PBXFileReference; fileEncoding = 4; lastKnownFileType = sourcecode.c.h; name = "TWWeatherAPI+OverViewParser.h"; path = "WeatherAPI/TWWeatherAPI+OverViewParser.h"; sourceTree = SOURCE_ROOT; };
		D48B0A7D0F2162DC004685AC /* TWWeatherAPI+OverViewParser.m */ = {isa = PBXFileReference; fileEncoding = 4; lastKnownFileType = sourcecode.c.objc; name = "TWWeatherAPI+OverViewParser.m"; path = "WeatherAPI/TWWeatherAPI+OverViewParser.m"; sourceTree = SOURCE_ROOT; };
		D48B0A940F216377004685AC /* TWWeatherAPI+ForecastParser.h */ = {isa = PBXFileReference; fileEncoding = 4; lastKnownFileType = sourcecode.c.h; name = "TWWeatherAPI+ForecastParser.h"; path = "WeatherAPI/TWWeatherAPI+ForecastParser.h"; sourceTree = SOURCE_ROOT; };
		D48B0A950F216377004685AC /* TWWeatherAPI+ForecastParser.m */ = {isa = PBXFileReference; fileEncoding = 4; lastKnownFileType = sourcecode.c.objc; name = "TWWeatherAPI+ForecastParser.m"; path = "WeatherAPI/TWWeatherAPI+ForecastParser.m"; sourceTree = SOURCE_ROOT; };
		D48B0AC20F216579004685AC /* TWWeatherAPI+Graphic.h */ = {isa = PBXFileReference; fileEncoding = 4; lastKnownFileType = sourcecode.c.h; name = "TWWeatherAPI+Graphic.h"; path = "WeatherAPI/TWWeatherAPI+Graphic.h"; sourceTree = SOURCE_ROOT; };
		D48B0AC30F216579004685AC /* TWWeatherAPI+Graphic.m */ = {isa = PBXFileReference; fileEncoding = 4; lastKnownFileType = sourcecode.c.objc; name = "TWWeatherAPI+Graphic.m"; path = "WeatherAPI/TWWeatherAPI+Graphic.m"; sourceTree = SOURCE_ROOT; };
		D48B0B740F216D57004685AC /* Icon.png */ = {isa = PBXFileReference; lastKnownFileType = image.png; path = Icon.png; sourceTree = "<group>"; };
		D48B0CC10F217D91004685AC /* zonble.jpg */ = {isa = PBXFileReference; lastKnownFileType = image.jpeg; name = zonble.jpg; path = Images/zonble.jpg; sourceTree = "<group>"; };
		D48B0CE20F2181EA004685AC /* ball.png */ = {isa = PBXFileReference; lastKnownFileType = image.png; name = ball.png; path = Images/ball.png; sourceTree = "<group>"; };
		D48B0CE90F21827A004685AC /* Default.png */ = {isa = PBXFileReference; lastKnownFileType = image.png; path = Default.png; sourceTree = "<group>"; };
		D48B0CF30F21862C004685AC /* English */ = {isa = PBXFileReference; fileEncoding = 4; lastKnownFileType = text.plist.strings; name = English; path = English.lproj/InfoPlist.strings; sourceTree = "<group>"; };
		D48B0CF70F21865A004685AC /* zh-Hant */ = {isa = PBXFileReference; fileEncoding = 4; lastKnownFileType = text.plist.strings; name = "zh-Hant"; path = "zh-Hant.lproj/InfoPlist.strings"; sourceTree = "<group>"; };
		D48B0D260F221050004685AC /* ZBWeekListTableViewController.h */ = {isa = PBXFileReference; fileEncoding = 4; lastKnownFileType = sourcecode.c.h; path = ZBWeekListTableViewController.h; sourceTree = "<group>"; };
		D48B0D270F221050004685AC /* ZBWeekListTableViewController.m */ = {isa = PBXFileReference; fileEncoding = 4; lastKnownFileType = sourcecode.c.objc; path = ZBWeekListTableViewController.m; sourceTree = "<group>"; };
		D4E4A0FA0F1A88C2000AD857 /* ZBGraphicsListTableViewController.h */ = {isa = PBXFileReference; fileEncoding = 4; lastKnownFileType = sourcecode.c.h; path = ZBGraphicsListTableViewController.h; sourceTree = "<group>"; };
		D4E4A0FB0F1A88C2000AD857 /* ZBGraphicsListTableViewController.m */ = {isa = PBXFileReference; fileEncoding = 4; lastKnownFileType = sourcecode.c.objc; path = ZBGraphicsListTableViewController.m; sourceTree = "<group>"; };
		D4E4A1180F1A8BC6000AD857 /* ZBGraphicViewController.h */ = {isa = PBXFileReference; fileEncoding = 4; lastKnownFileType = sourcecode.c.h; path = ZBGraphicViewController.h; sourceTree = "<group>"; };
		D4E4A1190F1A8BC6000AD857 /* ZBGraphicViewController.m */ = {isa = PBXFileReference; fileEncoding = 4; lastKnownFileType = sourcecode.c.objc; path = ZBGraphicViewController.m; sourceTree = "<group>"; };
		D4E4A11E0F1A8C5F000AD857 /* ZBGraphicViewController.xib */ = {isa = PBXFileReference; lastKnownFileType = file.xib; path = ZBGraphicViewController.xib; sourceTree = "<group>"; };
		D4E4A17F0F1A9523000AD857 /* ZBFileCache.h */ = {isa = PBXFileReference; fileEncoding = 4; lastKnownFileType = sourcecode.c.h; path = ZBFileCache.h; sourceTree = "<group>"; };
		D4E4A1800F1A9523000AD857 /* ZBFileCache.m */ = {isa = PBXFileReference; fileEncoding = 4; lastKnownFileType = sourcecode.c.objc; path = ZBFileCache.m; sourceTree = "<group>"; };
		D4E4A1FE0F1B39E3000AD857 /* ZBForecastsArrayController.h */ = {isa = PBXFileReference; fileEncoding = 4; lastKnownFileType = sourcecode.c.h; path = ZBForecastsArrayController.h; sourceTree = "<group>"; };
		D4E4A1FF0F1B39E3000AD857 /* ZBForecastsArrayController.m */ = {isa = PBXFileReference; fileEncoding = 4; lastKnownFileType = sourcecode.c.objc; path = ZBForecastsArrayController.m; sourceTree = "<group>"; };
/* End PBXFileReference section */

/* Begin PBXFrameworksBuildPhase section */
		1D60588F0D05DD3D006BFB54 /* Frameworks */ = {
			isa = PBXFrameworksBuildPhase;
			buildActionMask = 2147483647;
			files = (
				1D60589F0D05DD5A006BFB54 /* Foundation.framework in Frameworks */,
				1DF5F4E00D08C38300B7A737 /* UIKit.framework in Frameworks */,
				2892E4100DC94CBA00A64D0F /* CoreGraphics.framework in Frameworks */,
				D42831A60F1A776B0099C0EA /* CFNetwork.framework in Frameworks */,
				D46E27070F1D3F890037030D /* SystemConfiguration.framework in Frameworks */,
			);
			runOnlyForDeploymentPostprocessing = 0;
		};
/* End PBXFrameworksBuildPhase section */

/* Begin PBXGroup section */
		080E96DDFE201D6D7F000001 /* Classes */ = {
			isa = PBXGroup;
			children = (
				D48B09170F2147B9004685AC /* API */,
				D4E4A17C0F1A9518000AD857 /* FileCache */,
				D4041E180F1BF22A00B52BC9 /* OverView */,
				D4E4A1FB0F1B39CA000AD857 /* Forecasts */,
				D4E4A0F50F1A8892000AD857 /* Graphics */,
				D48B0D230F22103C004685AC /* Week */,
				D456E9220F2B448800D9F749 /* WeekTravel */,
				28C286DF0D94DF7D0034E888 /* RootViewController.h */,
				28C286E00D94DF7D0034E888 /* RootViewController.m */,
				1D3623240D0F684500981E51 /* TWWeatherAppDelegate.h */,
				1D3623250D0F684500981E51 /* TWWeatherAppDelegate.m */,
			);
			path = Classes;
			sourceTree = "<group>";
		};
		19C28FACFE9D520D11CA2CBB /* Products */ = {
			isa = PBXGroup;
			children = (
				1D6058910D05DD3D006BFB54 /* TWWeather.app */,
			);
			name = Products;
			sourceTree = "<group>";
		};
		29B97314FDCFA39411CA2CEA /* CustomTemplate */ = {
			isa = PBXGroup;
			children = (
				D46E26EF0F1D3DA40037030D /* Reachability */,
				D428318D0F1A75790099C0EA /* LFHTTPRequest */,
				080E96DDFE201D6D7F000001 /* Classes */,
				29B97315FDCFA39411CA2CEA /* Other Sources */,
				29B97317FDCFA39411CA2CEA /* Resources */,
				29B97323FDCFA39411CA2CEA /* Frameworks */,
				19C28FACFE9D520D11CA2CBB /* Products */,
				D4205BDB0F22709B0023EC12 /* TWWeather.plist */,
			);
			name = CustomTemplate;
			sourceTree = "<group>";
		};
		29B97315FDCFA39411CA2CEA /* Other Sources */ = {
			isa = PBXGroup;
			children = (
				28A0AAE50D9B0CCF005BE974 /* TWWeather_Prefix.pch */,
				29B97316FDCFA39411CA2CEA /* main.m */,
			);
			name = "Other Sources";
			sourceTree = "<group>";
		};
		29B97317FDCFA39411CA2CEA /* Resources */ = {
			isa = PBXGroup;
			children = (
				D4041D660F1BE6AE00B52BC9 /* Images */,
				2899E55F0DE3E45000AC0155 /* RootViewController.xib */,
				28AD735F0D9D9599002E5188 /* MainWindow.xib */,
				8D1107310486CEB800E47090 /* Info.plist */,
				D4E4A11E0F1A8C5F000AD857 /* ZBGraphicViewController.xib */,
				D4041E270F1BF2E500B52BC9 /* ZBOverviewViewController.xib */,
				D46E25EF0F1D242C0037030D /* ZBForecastPickerViewController.xib */,
				D48B0CE90F21827A004685AC /* Default.png */,
				D48B0CF50F218653004685AC /* InfoPlist.strings */,
			);
			name = Resources;
			sourceTree = "<group>";
		};
		29B97323FDCFA39411CA2CEA /* Frameworks */ = {
			isa = PBXGroup;
			children = (
				D42831A50F1A776B0099C0EA /* CFNetwork.framework */,
				D46E27060F1D3F890037030D /* SystemConfiguration.framework */,
				1DF5F4DF0D08C38300B7A737 /* UIKit.framework */,
				1D30AB110D05D00D00671497 /* Foundation.framework */,
				2892E40F0DC94CBA00A64D0F /* CoreGraphics.framework */,
			);
			name = Frameworks;
			sourceTree = "<group>";
		};
		D4041D660F1BE6AE00B52BC9 /* Images */ = {
			isa = PBXGroup;
			children = (
				D48B0CE20F2181EA004685AC /* ball.png */,
				D48B0CC10F217D91004685AC /* zonble.jpg */,
				D48B0B740F216D57004685AC /* Icon.png */,
				D46E274B0F1D40C60037030D /* Info.png */,
				D4041DB40F1BEA7E00B52BC9 /* DayCloudy.png */,
				D4041DB50F1BEA7E00B52BC9 /* DayCloudyGlommy.png */,
				D4041DB60F1BEA7E00B52BC9 /* DayCloudySunny.png */,
				D4041DB70F1BEA7E00B52BC9 /* DayGlommy.png */,
				D4041DB80F1BEA7E00B52BC9 /* DayGloomyRainy.png */,
				D4041DB90F1BEA7E00B52BC9 /* DayRainy.png */,
				D4041DBA0F1BEA7E00B52BC9 /* DaySunny.png */,
				D4041DBB0F1BEA7E00B52BC9 /* DaySunnyCloudy.png */,
				D4041DBC0F1BEA7E00B52BC9 /* NightCloudy.png */,
				D4041DBD0F1BEA7E00B52BC9 /* NightCloudyGlommy.png */,
				D4041DBE0F1BEA7E00B52BC9 /* NightCloudySunny.png */,
				D4041DBF0F1BEA7E00B52BC9 /* NightGlommy.png */,
				D4041DC00F1BEA7E00B52BC9 /* NightGloomyRainy.png */,
				D4041DC10F1BEA7E00B52BC9 /* NightRainy.png */,
				D4041DC20F1BEA7E00B52BC9 /* NightSunny.png */,
				D4041DC30F1BEA7E00B52BC9 /* NightSunnyCloudy.png */,
			);
			name = Images;
			sourceTree = "<group>";
		};
		D4041E180F1BF22A00B52BC9 /* OverView */ = {
			isa = PBXGroup;
			children = (
				D4041E200F1BF28500B52BC9 /* ZBOverviewViewController.h */,
				D4041E210F1BF28500B52BC9 /* ZBOverviewViewController.m */,
			);
			name = OverView;
			sourceTree = "<group>";
		};
		D428318D0F1A75790099C0EA /* LFHTTPRequest */ = {
			isa = PBXGroup;
			children = (
				D428319E0F1A75840099C0EA /* LFHTTPRequest.m */,
				D428319F0F1A75840099C0EA /* LFHTTPRequest.h */,
			);
			name = LFHTTPRequest;
			sourceTree = "<group>";
		};
		D456E9220F2B448800D9F749 /* WeekTravel */ = {
			isa = PBXGroup;
			children = (
				D456E9250F2B44CF00D9F749 /* ZBWeekTravelListTableViewController.h */,
				D456E9260F2B44CF00D9F749 /* ZBWeekTravelListTableViewController.m */,
			);
			name = WeekTravel;
			sourceTree = "<group>";
		};
		D46E26EF0F1D3DA40037030D /* Reachability */ = {
			isa = PBXGroup;
			children = (
				D46E26F10F1D3DB30037030D /* Reachability.h */,
				D46E26F20F1D3DB30037030D /* Reachability.m */,
			);
			name = Reachability;
			sourceTree = "<group>";
		};
		D48B09170F2147B9004685AC /* API */ = {
			isa = PBXGroup;
			children = (
				D48B091A0F2147D3004685AC /* TWWeatherAPI.h */,
				D48B091B0F2147D3004685AC /* TWWeatherAPI.m */,
				D48B0A7C0F2162DC004685AC /* TWWeatherAPI+OverViewParser.h */,
				D48B0A7D0F2162DC004685AC /* TWWeatherAPI+OverViewParser.m */,
				D48B0A940F216377004685AC /* TWWeatherAPI+ForecastParser.h */,
				D48B0A950F216377004685AC /* TWWeatherAPI+ForecastParser.m */,
				D48B0AC20F216579004685AC /* TWWeatherAPI+Graphic.h */,
				D48B0AC30F216579004685AC /* TWWeatherAPI+Graphic.m */,
				D4194E4D0F22317E00C198D2 /* TWWeatherAPI+Week.h */,
				D4194E4E0F22317E00C198D2 /* TWWeatherAPI+Week.m */,
			);
			name = API;
			sourceTree = "<group>";
		};
		D48B0D230F22103C004685AC /* Week */ = {
			isa = PBXGroup;
			children = (
				D48B0D260F221050004685AC /* ZBWeekListTableViewController.h */,
				D48B0D270F221050004685AC /* ZBWeekListTableViewController.m */,
				D4194E460F2230D700C198D2 /* ZBWeekTableViewController.h */,
				D4194E470F2230D700C198D2 /* ZBWeekTableViewController.m */,
				D4194F2F0F22400F00C198D2 /* ZBWeekTableViewCell.h */,
				D4194F300F22400F00C198D2 /* ZBWeekTableViewCell.m */,
			);
			name = Week;
			sourceTree = "<group>";
		};
		D4E4A0F50F1A8892000AD857 /* Graphics */ = {
			isa = PBXGroup;
			children = (
				D4E4A0FA0F1A88C2000AD857 /* ZBGraphicsListTableViewController.h */,
				D4E4A0FB0F1A88C2000AD857 /* ZBGraphicsListTableViewController.m */,
				D46E265D0F1D31840037030D /* ZBGraphicsListTableViewCell.h */,
				D46E265E0F1D31840037030D /* ZBGraphicsListTableViewCell.m */,
				D4E4A1180F1A8BC6000AD857 /* ZBGraphicViewController.h */,
				D4E4A1190F1A8BC6000AD857 /* ZBGraphicViewController.m */,
			);
			name = Graphics;
			sourceTree = "<group>";
		};
		D4E4A17C0F1A9518000AD857 /* FileCache */ = {
			isa = PBXGroup;
			children = (
				D4E4A17F0F1A9523000AD857 /* ZBFileCache.h */,
				D4E4A1800F1A9523000AD857 /* ZBFileCache.m */,
			);
			name = FileCache;
			sourceTree = "<group>";
		};
		D4E4A1FB0F1B39CA000AD857 /* Forecasts */ = {
			isa = PBXGroup;
			children = (
				D4E4A1FE0F1B39E3000AD857 /* ZBForecastsArrayController.h */,
				D4E4A1FF0F1B39E3000AD857 /* ZBForecastsArrayController.m */,
				D4041BA40F1BC7E400B52BC9 /* ZBForecastsListTableViewController.h */,
				D4041BA50F1BC7E400B52BC9 /* ZBForecastsListTableViewController.m */,
				D4041BBE0F1BC95600B52BC9 /* ZBForecastTableViewController.h */,
				D4041BBF0F1BC95600B52BC9 /* ZBForecastTableViewController.m */,
				D4041C180F1BD27C00B52BC9 /* ZBForecastTableViewCell.h */,
				D4041C190F1BD27C00B52BC9 /* ZBForecastTableViewCell.m */,
				D46E25E90F1D23FA0037030D /* ZBForecastPickerViewController.h */,
				D46E25EA0F1D23FA0037030D /* ZBForecastPickerViewController.m */,
			);
			name = Forecasts;
			sourceTree = "<group>";
		};
/* End PBXGroup section */

/* Begin PBXNativeTarget section */
		1D6058900D05DD3D006BFB54 /* TWWeather */ = {
			isa = PBXNativeTarget;
			buildConfigurationList = 1D6058960D05DD3E006BFB54 /* Build configuration list for PBXNativeTarget "TWWeather" */;
			buildPhases = (
				1D60588D0D05DD3D006BFB54 /* Resources */,
				1D60588E0D05DD3D006BFB54 /* Sources */,
				1D60588F0D05DD3D006BFB54 /* Frameworks */,
			);
			buildRules = (
			);
			dependencies = (
			);
			name = TWWeather;
			productName = TWWeather;
			productReference = 1D6058910D05DD3D006BFB54 /* TWWeather.app */;
			productType = "com.apple.product-type.application";
		};
/* End PBXNativeTarget section */

/* Begin PBXProject section */
		29B97313FDCFA39411CA2CEA /* Project object */ = {
			isa = PBXProject;
			buildConfigurationList = C01FCF4E08A954540054247B /* Build configuration list for PBXProject "TWWeather" */;
			compatibilityVersion = "Xcode 3.1";
			hasScannedForEncodings = 1;
			knownRegions = (
				English,
				Japanese,
				French,
				German,
				en,
				"zh-Hant",
			);
			mainGroup = 29B97314FDCFA39411CA2CEA /* CustomTemplate */;
			projectDirPath = "";
			projectRoot = "";
			targets = (
				1D6058900D05DD3D006BFB54 /* TWWeather */,
			);
		};
/* End PBXProject section */

/* Begin PBXResourcesBuildPhase section */
		1D60588D0D05DD3D006BFB54 /* Resources */ = {
			isa = PBXResourcesBuildPhase;
			buildActionMask = 2147483647;
			files = (
				28AD73600D9D9599002E5188 /* MainWindow.xib in Resources */,
				2899E5600DE3E45000AC0155 /* RootViewController.xib in Resources */,
				D4E4A11F0F1A8C5F000AD857 /* ZBGraphicViewController.xib in Resources */,
				D4041DC40F1BEA7E00B52BC9 /* DayCloudy.png in Resources */,
				D4041DC50F1BEA7E00B52BC9 /* DayCloudyGlommy.png in Resources */,
				D4041DC60F1BEA7E00B52BC9 /* DayCloudySunny.png in Resources */,
				D4041DC70F1BEA7E00B52BC9 /* DayGlommy.png in Resources */,
				D4041DC80F1BEA7E00B52BC9 /* DayGloomyRainy.png in Resources */,
				D4041DC90F1BEA7E00B52BC9 /* DayRainy.png in Resources */,
				D4041DCA0F1BEA7E00B52BC9 /* DaySunny.png in Resources */,
				D4041DCB0F1BEA7E00B52BC9 /* DaySunnyCloudy.png in Resources */,
				D4041DCC0F1BEA7E00B52BC9 /* NightCloudy.png in Resources */,
				D4041DCD0F1BEA7E00B52BC9 /* NightCloudyGlommy.png in Resources */,
				D4041DCE0F1BEA7E00B52BC9 /* NightCloudySunny.png in Resources */,
				D4041DCF0F1BEA7E00B52BC9 /* NightGlommy.png in Resources */,
				D4041DD00F1BEA7E00B52BC9 /* NightGloomyRainy.png in Resources */,
				D4041DD10F1BEA7E00B52BC9 /* NightRainy.png in Resources */,
				D4041DD20F1BEA7E00B52BC9 /* NightSunny.png in Resources */,
				D4041DD30F1BEA7E00B52BC9 /* NightSunnyCloudy.png in Resources */,
				D4041E280F1BF2E500B52BC9 /* ZBOverviewViewController.xib in Resources */,
				D46E25F00F1D242C0037030D /* ZBForecastPickerViewController.xib in Resources */,
				D46E274C0F1D40C60037030D /* Info.png in Resources */,
				D48B0B750F216D57004685AC /* Icon.png in Resources */,
				D48B0CC20F217D91004685AC /* zonble.jpg in Resources */,
				D48B0CE30F2181EA004685AC /* ball.png in Resources */,
				D48B0CEA0F21827A004685AC /* Default.png in Resources */,
				D48B0CF60F218653004685AC /* InfoPlist.strings in Resources */,
				D4205BDC0F22709B0023EC12 /* TWWeather.plist in Resources */,
			);
			runOnlyForDeploymentPostprocessing = 0;
		};
/* End PBXResourcesBuildPhase section */

/* Begin PBXSourcesBuildPhase section */
		1D60588E0D05DD3D006BFB54 /* Sources */ = {
			isa = PBXSourcesBuildPhase;
			buildActionMask = 2147483647;
			files = (
				1D60589B0D05DD56006BFB54 /* main.m in Sources */,
				1D3623260D0F684500981E51 /* TWWeatherAppDelegate.m in Sources */,
				28C286E10D94DF7D0034E888 /* RootViewController.m in Sources */,
				D42831A00F1A75840099C0EA /* LFHTTPRequest.m in Sources */,
				D4E4A0FC0F1A88C2000AD857 /* ZBGraphicsListTableViewController.m in Sources */,
				D4E4A11A0F1A8BC6000AD857 /* ZBGraphicViewController.m in Sources */,
				D4E4A1810F1A9523000AD857 /* ZBFileCache.m in Sources */,
				D4E4A2000F1B39E3000AD857 /* ZBForecastsArrayController.m in Sources */,
				D4041BA60F1BC7E400B52BC9 /* ZBForecastsListTableViewController.m in Sources */,
				D4041BC00F1BC95600B52BC9 /* ZBForecastTableViewController.m in Sources */,
				D4041C1A0F1BD27C00B52BC9 /* ZBForecastTableViewCell.m in Sources */,
				D4041E220F1BF28500B52BC9 /* ZBOverviewViewController.m in Sources */,
				D46E25EB0F1D23FA0037030D /* ZBForecastPickerViewController.m in Sources */,
				D46E265F0F1D31840037030D /* ZBGraphicsListTableViewCell.m in Sources */,
				D46E26F30F1D3DB30037030D /* Reachability.m in Sources */,
				D48B091C0F2147D3004685AC /* TWWeatherAPI.m in Sources */,
				D48B0A7E0F2162DC004685AC /* TWWeatherAPI+OverViewParser.m in Sources */,
				D48B0A960F216377004685AC /* TWWeatherAPI+ForecastParser.m in Sources */,
				D48B0AC40F216579004685AC /* TWWeatherAPI+Graphic.m in Sources */,
				D48B0D280F221050004685AC /* ZBWeekListTableViewController.m in Sources */,
				D4194E480F2230D700C198D2 /* ZBWeekTableViewController.m in Sources */,
				D4194E4F0F22317E00C198D2 /* TWWeatherAPI+Week.m in Sources */,
				D4194F310F22400F00C198D2 /* ZBWeekTableViewCell.m in Sources */,
				D456E9270F2B44CF00D9F749 /* ZBWeekTravelListTableViewController.m in Sources */,
			);
			runOnlyForDeploymentPostprocessing = 0;
		};
/* End PBXSourcesBuildPhase section */

/* Begin PBXVariantGroup section */
		D48B0CF50F218653004685AC /* InfoPlist.strings */ = {
			isa = PBXVariantGroup;
			children = (
				D48B0CF30F21862C004685AC /* English */,
				D48B0CF70F21865A004685AC /* zh-Hant */,
			);
			name = InfoPlist.strings;
			sourceTree = "<group>";
		};
/* End PBXVariantGroup section */

/* Begin XCBuildConfiguration section */
		1D6058940D05DD3E006BFB54 /* Debug */ = {
			isa = XCBuildConfiguration;
			buildSettings = {
				ALWAYS_SEARCH_USER_PATHS = NO;
				"CODE_SIGN_IDENTITY[sdk=iphoneos*]" = "Don't Code Sign";
				COPY_PHASE_STRIP = NO;
				GCC_DYNAMIC_NO_PIC = NO;
				GCC_OPTIMIZATION_LEVEL = 0;
				GCC_PRECOMPILE_PREFIX_HEADER = YES;
				GCC_PREFIX_HEADER = TWWeather_Prefix.pch;
				INFOPLIST_FILE = Info.plist;
				PRODUCT_NAME = TWWeather;
			};
			name = Debug;
		};
		1D6058950D05DD3E006BFB54 /* Release */ = {
			isa = XCBuildConfiguration;
			buildSettings = {
				ALWAYS_SEARCH_USER_PATHS = NO;
				"CODE_SIGN_IDENTITY[sdk=iphoneos*]" = "iPhone Developer: Lukhnos D. Liu";
				COPY_PHASE_STRIP = YES;
				GCC_PRECOMPILE_PREFIX_HEADER = YES;
				GCC_PREFIX_HEADER = TWWeather_Prefix.pch;
				INFOPLIST_FILE = Info.plist;
				PRODUCT_NAME = TWWeather;
				"PROVISIONING_PROFILE[sdk=iphoneos*]" = "C598140F-3B29-41C8-A05A-D7E38111F54B";
			};
			name = Release;
		};
		C01FCF4F08A954540054247B /* Debug */ = {
			isa = XCBuildConfiguration;
			buildSettings = {
				ARCHS = "$(ARCHS_STANDARD_32_BIT)";
				"CODE_SIGN_IDENTITY[sdk=iphoneos*]" = "iPhone Developer";
				GCC_C_LANGUAGE_STANDARD = c99;
				GCC_WARN_ABOUT_RETURN_TYPE = YES;
				GCC_WARN_UNUSED_VARIABLE = YES;
				ONLY_ACTIVE_ARCH = YES;
				PREBINDING = NO;
				SDKROOT = iphoneos2.2;
			};
			name = Debug;
		};
		C01FCF5008A954540054247B /* Release */ = {
			isa = XCBuildConfiguration;
			buildSettings = {
				ARCHS = "$(ARCHS_STANDARD_32_BIT)";
				"CODE_SIGN_IDENTITY[sdk=iphoneos*]" = "iPhone Developer";
				GCC_C_LANGUAGE_STANDARD = c99;
				GCC_WARN_ABOUT_RETURN_TYPE = YES;
				GCC_WARN_UNUSED_VARIABLE = YES;
				PREBINDING = NO;
				SDKROOT = iphoneos2.2;
			};
			name = Release;
		};
		D4194FDC0F22638B00C198D2 /* Debug-zonble */ = {
			isa = XCBuildConfiguration;
			buildSettings = {
				ARCHS = "$(ARCHS_STANDARD_32_BIT)";
				"CODE_SIGN_IDENTITY[sdk=iphoneos*]" = "iPhone Developer";
				GCC_C_LANGUAGE_STANDARD = c99;
				GCC_WARN_ABOUT_RETURN_TYPE = YES;
				GCC_WARN_UNUSED_VARIABLE = YES;
				ONLY_ACTIVE_ARCH = YES;
				PREBINDING = NO;
				SDKROOT = iphoneos2.2;
			};
			name = "Debug-zonble";
		};
		D4194FDD0F22638B00C198D2 /* Debug-zonble */ = {
			isa = XCBuildConfiguration;
			buildSettings = {
				ALWAYS_SEARCH_USER_PATHS = NO;
				"CODE_SIGN_IDENTITY[sdk=iphoneos*]" = "iPhone Developer: Lukhnos D. Liu";
				COPY_PHASE_STRIP = NO;
				GCC_DYNAMIC_NO_PIC = NO;
				GCC_OPTIMIZATION_LEVEL = 0;
				GCC_PRECOMPILE_PREFIX_HEADER = YES;
				GCC_PREFIX_HEADER = TWWeather_Prefix.pch;
				INFOPLIST_FILE = Info.plist;
				PRODUCT_NAME = TWWeather;
				"PROVISIONING_PROFILE[sdk=iphoneos*]" = "C598140F-3B29-41C8-A05A-D7E38111F54B";
			};
			name = "Debug-zonble";
		};
		D4205BE80F22716A0023EC12 /* Distribution-zonble */ = {
			isa = XCBuildConfiguration;
			buildSettings = {
				ARCHS = "$(ARCHS_STANDARD_32_BIT)";
				CODE_SIGN_ENTITLEMENTS = TWWeather.plist;
				"CODE_SIGN_IDENTITY[sdk=iphoneos*]" = "iPhone Distribution: Weichung Yang";
				GCC_C_LANGUAGE_STANDARD = c99;
				GCC_WARN_ABOUT_RETURN_TYPE = YES;
				GCC_WARN_UNUSED_VARIABLE = YES;
				PREBINDING = NO;
				"PROVISIONING_PROFILE[sdk=iphoneos*]" = "C8FE1ADF-842A-4D0C-A5F0-F40F5AFA53A5";
				SDKROOT = iphoneos2.2;
			};
			name = "Distribution-zonble";
		};
		D4205BE90F22716A0023EC12 /* Distribution-zonble */ = {
			isa = XCBuildConfiguration;
			buildSettings = {
				ALWAYS_SEARCH_USER_PATHS = NO;
				"CODE_SIGN_IDENTITY[sdk=iphoneos*]" = "iPhone Developer";
				COPY_PHASE_STRIP = YES;
				GCC_PRECOMPILE_PREFIX_HEADER = YES;
				GCC_PREFIX_HEADER = TWWeather_Prefix.pch;
				INFOPLIST_FILE = Info.plist;
				PRODUCT_NAME = TWWeather;
				"PROVISIONING_PROFILE[sdk=iphoneos*]" = "";
			};
			name = "Distribution-zonble";
		};
/* End XCBuildConfiguration section */

/* Begin XCConfigurationList section */
		1D6058960D05DD3E006BFB54 /* Build configuration list for PBXNativeTarget "TWWeather" */ = {
			isa = XCConfigurationList;
			buildConfigurations = (
				1D6058940D05DD3E006BFB54 /* Debug */,
				D4194FDD0F22638B00C198D2 /* Debug-zonble */,
				1D6058950D05DD3E006BFB54 /* Release */,
				D4205BE90F22716A0023EC12 /* Distribution-zonble */,
			);
			defaultConfigurationIsVisible = 0;
			defaultConfigurationName = Release;
		};
		C01FCF4E08A954540054247B /* Build configuration list for PBXProject "TWWeather" */ = {
			isa = XCConfigurationList;
			buildConfigurations = (
				C01FCF4F08A954540054247B /* Debug */,
				D4194FDC0F22638B00C198D2 /* Debug-zonble */,
				C01FCF5008A954540054247B /* Release */,
				D4205BE80F22716A0023EC12 /* Distribution-zonble */,
			);
			defaultConfigurationIsVisible = 0;
			defaultConfigurationName = Release;
		};
/* End XCConfigurationList section */
	};
	rootObject = 29B97313FDCFA39411CA2CEA /* Project object */;
}
