// !$*UTF8*$!
{
	archiveVersion = 1;
	classes = {
	};
	objectVersion = 45;
	objects = {

/* Begin PBXBuildFile section */
		1D3623260D0F684500981E51 /* TWWeatherAppDelegate.m in Sources */ = {isa = PBXBuildFile; fileRef = 1D3623250D0F684500981E51 /* TWWeatherAppDelegate.m */; };
		1D60589B0D05DD56006BFB54 /* main.m in Sources */ = {isa = PBXBuildFile; fileRef = 29B97316FDCFA39411CA2CEA /* main.m */; };
		1D60589F0D05DD5A006BFB54 /* Foundation.framework in Frameworks */ = {isa = PBXBuildFile; fileRef = 1D30AB110D05D00D00671497 /* Foundation.framework */; };
		1DF5F4E00D08C38300B7A737 /* UIKit.framework in Frameworks */ = {isa = PBXBuildFile; fileRef = 1DF5F4DF0D08C38300B7A737 /* UIKit.framework */; };
		2892E4100DC94CBA00A64D0F /* CoreGraphics.framework in Frameworks */ = {isa = PBXBuildFile; fileRef = 2892E40F0DC94CBA00A64D0F /* CoreGraphics.framework */; };
		28AD73600D9D9599002E5188 /* MainWindow.xib in Resources */ = {isa = PBXBuildFile; fileRef = 28AD735F0D9D9599002E5188 /* MainWindow.xib */; };
		28C286E10D94DF7D0034E888 /* TWRootViewController.m in Sources */ = {isa = PBXBuildFile; fileRef = 28C286E00D94DF7D0034E888 /* TWRootViewController.m */; };
		D41B04361031F212000AA604 /* Entitlements.plist in Resources */ = {isa = PBXBuildFile; fileRef = D41B04351031F212000AA604 /* Entitlements.plist */; };
		D426D6B7102D142C00BBBEB3 /* TWOBSResultTableViewController.m in Sources */ = {isa = PBXBuildFile; fileRef = D426D6B6102D142C00BBBEB3 /* TWOBSResultTableViewController.m */; };
		D426D6DD102D17D400BBBEB3 /* TWOBSCell.m in Sources */ = {isa = PBXBuildFile; fileRef = D426D6DC102D17D400BBBEB3 /* TWOBSCell.m */; };
		D426D8CF102D377600BBBEB3 /* TWLoadingView.m in Sources */ = {isa = PBXBuildFile; fileRef = D426D8CE102D377600BBBEB3 /* TWLoadingView.m */; };
		D42C7A091023CF59009C3C4E /* TWImageViewController.m in Sources */ = {isa = PBXBuildFile; fileRef = D42C7A081023CF59009C3C4E /* TWImageViewController.m */; };
		D44C172C10309942006B6698 /* CocoaCryptoHashing.m in Sources */ = {isa = PBXBuildFile; fileRef = D4E509411023C17F002B39D7 /* CocoaCryptoHashing.m */; };
		D46045931083A64B00B97EEF /* tel.png in Resources */ = {isa = PBXBuildFile; fileRef = D46045921083A64B00B97EEF /* tel.png */; };
		D471EAE1102F471B00768C5B /* TWAPIBox.m in Sources */ = {isa = PBXBuildFile; fileRef = D4C3A0DC1022361E00E7A430 /* TWAPIBox.m */; };
		D471EAE2102F471B00768C5B /* TWAPIBox+Info.m in Sources */ = {isa = PBXBuildFile; fileRef = D4E5025710233338002B39D7 /* TWAPIBox+Info.m */; };
		D471EAE3102F471B00768C5B /* TWAPIBox+Cache.m in Sources */ = {isa = PBXBuildFile; fileRef = D489E3831023DF2500189460 /* TWAPIBox+Cache.m */; };
		D471EAE4102F471B00768C5B /* TWAPIBox+Private.m in Sources */ = {isa = PBXBuildFile; fileRef = D4C02AAD102BD47000FD1D3B /* TWAPIBox+Private.m */; };
		D471EAEA102F473F00768C5B /* NSData+LFHTTPFormExtensions.m in Sources */ = {isa = PBXBuildFile; fileRef = D4C3A0CE102235DB00E7A430 /* NSData+LFHTTPFormExtensions.m */; };
		D471EAEB102F473F00768C5B /* LFHTTPRequest.m in Sources */ = {isa = PBXBuildFile; fileRef = D4C3A0D0102235DB00E7A430 /* LFHTTPRequest.m */; };
		D471EAEC102F473F00768C5B /* LFSiteReachability.m in Sources */ = {isa = PBXBuildFile; fileRef = D4C3A0D2102235DB00E7A430 /* LFSiteReachability.m */; };
		D471EBB6102F476100768C5B /* Foundation.framework in Frameworks */ = {isa = PBXBuildFile; fileRef = 1D30AB110D05D00D00671497 /* Foundation.framework */; };
		D471EBB7102F476100768C5B /* UIKit.framework in Frameworks */ = {isa = PBXBuildFile; fileRef = 1DF5F4DF0D08C38300B7A737 /* UIKit.framework */; };
		D471EBB8102F476100768C5B /* SystemConfiguration.framework in Frameworks */ = {isa = PBXBuildFile; fileRef = D4E9C6E410223D6200B955C7 /* SystemConfiguration.framework */; };
		D471EBB9102F476100768C5B /* CFNetwork.framework in Frameworks */ = {isa = PBXBuildFile; fileRef = D4E9C70010223DBB00B955C7 /* CFNetwork.framework */; };
		D471EBD8102F47D400768C5B /* TWAPITest.m in Sources */ = {isa = PBXBuildFile; fileRef = D471EBD7102F47D400768C5B /* TWAPITest.m */; };
		D489E3851023DF2500189460 /* TWAPIBox+Cache.m in Sources */ = {isa = PBXBuildFile; fileRef = D489E3831023DF2500189460 /* TWAPIBox+Cache.m */; };
		D489E3AC1023E00100189460 /* DayCloudy.png in Resources */ = {isa = PBXBuildFile; fileRef = D489E3991023E00100189460 /* DayCloudy.png */; };
		D489E3AD1023E00100189460 /* DayCloudyGlommy.png in Resources */ = {isa = PBXBuildFile; fileRef = D489E39A1023E00100189460 /* DayCloudyGlommy.png */; };
		D489E3AE1023E00100189460 /* DayCloudySunny.png in Resources */ = {isa = PBXBuildFile; fileRef = D489E39B1023E00100189460 /* DayCloudySunny.png */; };
		D489E3AF1023E00100189460 /* DayGlommy.png in Resources */ = {isa = PBXBuildFile; fileRef = D489E39C1023E00100189460 /* DayGlommy.png */; };
		D489E3B01023E00100189460 /* DayGloomyRainy.png in Resources */ = {isa = PBXBuildFile; fileRef = D489E39D1023E00100189460 /* DayGloomyRainy.png */; };
		D489E3B11023E00100189460 /* DayRainy.png in Resources */ = {isa = PBXBuildFile; fileRef = D489E39E1023E00100189460 /* DayRainy.png */; };
		D489E3B21023E00100189460 /* DaySunny.png in Resources */ = {isa = PBXBuildFile; fileRef = D489E39F1023E00100189460 /* DaySunny.png */; };
		D489E3B31023E00100189460 /* DaySunnyCloudy.png in Resources */ = {isa = PBXBuildFile; fileRef = D489E3A01023E00100189460 /* DaySunnyCloudy.png */; };
		D489E3B51023E00100189460 /* NightCloudy.png in Resources */ = {isa = PBXBuildFile; fileRef = D489E3A21023E00100189460 /* NightCloudy.png */; };
		D489E3B61023E00100189460 /* NightCloudyGlommy.png in Resources */ = {isa = PBXBuildFile; fileRef = D489E3A31023E00100189460 /* NightCloudyGlommy.png */; };
		D489E3B71023E00100189460 /* NightCloudySunny.png in Resources */ = {isa = PBXBuildFile; fileRef = D489E3A41023E00100189460 /* NightCloudySunny.png */; };
		D489E3B81023E00100189460 /* NightGlommy.png in Resources */ = {isa = PBXBuildFile; fileRef = D489E3A51023E00100189460 /* NightGlommy.png */; };
		D489E3B91023E00100189460 /* NightGloomyRainy.png in Resources */ = {isa = PBXBuildFile; fileRef = D489E3A61023E00100189460 /* NightGloomyRainy.png */; };
		D489E3BA1023E00100189460 /* NightRainy.png in Resources */ = {isa = PBXBuildFile; fileRef = D489E3A71023E00100189460 /* NightRainy.png */; };
		D489E3BB1023E00100189460 /* NightSunny.png in Resources */ = {isa = PBXBuildFile; fileRef = D489E3A81023E00100189460 /* NightSunny.png */; };
		D489E3BC1023E00100189460 /* NightSunnyCloudy.png in Resources */ = {isa = PBXBuildFile; fileRef = D489E3A91023E00100189460 /* NightSunnyCloudy.png */; };
		D489E4FA1023F2A200189460 /* TWLocationSettingTableViewController.m in Sources */ = {isa = PBXBuildFile; fileRef = D489E4F91023F2A200189460 /* TWLocationSettingTableViewController.m */; };
		D489E5961024DD7600189460 /* Default.png in Resources */ = {isa = PBXBuildFile; fileRef = D489E5951024DD7600189460 /* Default.png */; };
		D489E59E1024EA4600189460 /* InfoPlist.strings in Resources */ = {isa = PBXBuildFile; fileRef = D489E59D1024EA4600189460 /* InfoPlist.strings */; };
		D489E5A61024EB3F00189460 /* TWAboutViewController.m in Sources */ = {isa = PBXBuildFile; fileRef = D489E5A51024EB3F00189460 /* TWAboutViewController.m */; };
		D489E5DC1024EF6000189460 /* MessageUI.framework in Frameworks */ = {isa = PBXBuildFile; fileRef = D489E5DB1024EF6000189460 /* MessageUI.framework */; };
		D4C02AAE102BD47000FD1D3B /* TWAPIBox+Private.m in Sources */ = {isa = PBXBuildFile; fileRef = D4C02AAD102BD47000FD1D3B /* TWAPIBox+Private.m */; };
		D4C02C3D102C03F700FD1D3B /* TWFavoriteTableViewController.m in Sources */ = {isa = PBXBuildFile; fileRef = D4C02C3C102C03F700FD1D3B /* TWFavoriteTableViewController.m */; };
		D4C02E32102C221900FD1D3B /* TWOBSTableViewController.m in Sources */ = {isa = PBXBuildFile; fileRef = D4C02E31102C221900FD1D3B /* TWOBSTableViewController.m */; };
		D4C3A0D5102235DB00E7A430 /* NSData+LFHTTPFormExtensions.m in Sources */ = {isa = PBXBuildFile; fileRef = D4C3A0CE102235DB00E7A430 /* NSData+LFHTTPFormExtensions.m */; };
		D4C3A0D6102235DB00E7A430 /* LFHTTPRequest.m in Sources */ = {isa = PBXBuildFile; fileRef = D4C3A0D0102235DB00E7A430 /* LFHTTPRequest.m */; };
		D4C3A0D7102235DB00E7A430 /* LFSiteReachability.m in Sources */ = {isa = PBXBuildFile; fileRef = D4C3A0D2102235DB00E7A430 /* LFSiteReachability.m */; };
		D4C3A0DD1022361E00E7A430 /* TWAPIBox.m in Sources */ = {isa = PBXBuildFile; fileRef = D4C3A0DC1022361E00E7A430 /* TWAPIBox.m */; };
		D4E5025810233338002B39D7 /* TWAPIBox+Info.m in Sources */ = {isa = PBXBuildFile; fileRef = D4E5025710233338002B39D7 /* TWAPIBox+Info.m */; };
		D4E5029A10234126002B39D7 /* TWBasicForecastTableViewController.m in Sources */ = {isa = PBXBuildFile; fileRef = D4E5029910234126002B39D7 /* TWBasicForecastTableViewController.m */; };
		D4E502A8102343C6002B39D7 /* TWForecastTableViewController.m in Sources */ = {isa = PBXBuildFile; fileRef = D4E502A7102343C6002B39D7 /* TWForecastTableViewController.m */; };
		D4E502F910234698002B39D7 /* TWForecastResultTableViewController.m in Sources */ = {isa = PBXBuildFile; fileRef = D4E502F810234698002B39D7 /* TWForecastResultTableViewController.m */; };
		D4E5033310234C2D002B39D7 /* TWForecastResultCell.m in Sources */ = {isa = PBXBuildFile; fileRef = D4E5033210234C2D002B39D7 /* TWForecastResultCell.m */; };
		D4E503DE102357FC002B39D7 /* TWLoadingCell.m in Sources */ = {isa = PBXBuildFile; fileRef = D4E503DD102357FC002B39D7 /* TWLoadingCell.m */; };
		D4E5042A10235B65002B39D7 /* TWWeekTableViewController.m in Sources */ = {isa = PBXBuildFile; fileRef = D4E5042910235B65002B39D7 /* TWWeekTableViewController.m */; };
		D4E5046710235E92002B39D7 /* TWWeekResultTableViewController.m in Sources */ = {isa = PBXBuildFile; fileRef = D4E5046610235E92002B39D7 /* TWWeekResultTableViewController.m */; };
		D4E504AE10236201002B39D7 /* TWWeekResultCell.m in Sources */ = {isa = PBXBuildFile; fileRef = D4E504AD10236201002B39D7 /* TWWeekResultCell.m */; };
		D4E5052710236A1A002B39D7 /* TWWeekTravelTableViewController.m in Sources */ = {isa = PBXBuildFile; fileRef = D4E5052610236A1A002B39D7 /* TWWeekTravelTableViewController.m */; };
		D4E5057010236C6B002B39D7 /* TWThreeDaySeaTableViewController.m in Sources */ = {isa = PBXBuildFile; fileRef = D4E5056F10236C6B002B39D7 /* TWThreeDaySeaTableViewController.m */; };
		D4E505A210236EF0002B39D7 /* TWThreeDaySeaResultTableViewController.m in Sources */ = {isa = PBXBuildFile; fileRef = D4E505A110236EF0002B39D7 /* TWThreeDaySeaResultTableViewController.m */; };
		D4E505E2102370EF002B39D7 /* TWThreeDaySeaCell.m in Sources */ = {isa = PBXBuildFile; fileRef = D4E505E1102370EF002B39D7 /* TWThreeDaySeaCell.m */; };
		D4E5063610237768002B39D7 /* TWNearSeaTableViewController.m in Sources */ = {isa = PBXBuildFile; fileRef = D4E5063510237768002B39D7 /* TWNearSeaTableViewController.m */; };
		D4E5068010237944002B39D7 /* TWNearSeaResultTableViewController.m in Sources */ = {isa = PBXBuildFile; fileRef = D4E5067F10237944002B39D7 /* TWNearSeaResultTableViewController.m */; };
		D4E506A510237A99002B39D7 /* TWNearSeaCell.m in Sources */ = {isa = PBXBuildFile; fileRef = D4E506A410237A99002B39D7 /* TWNearSeaCell.m */; };
		D4E507351023838B002B39D7 /* TWTideTableViewController.m in Sources */ = {isa = PBXBuildFile; fileRef = D4E507341023838B002B39D7 /* TWTideTableViewController.m */; };
		D4E5075510238538002B39D7 /* TWTideResultTableViewController.m in Sources */ = {isa = PBXBuildFile; fileRef = D4E5075410238538002B39D7 /* TWTideResultTableViewController.m */; };
		D4E5078D10238957002B39D7 /* TWTideCell.m in Sources */ = {isa = PBXBuildFile; fileRef = D4E5078C10238957002B39D7 /* TWTideCell.m */; };
		D4E50843102391DB002B39D7 /* TWErrorViewController.m in Sources */ = {isa = PBXBuildFile; fileRef = D4E50842102391DB002B39D7 /* TWErrorViewController.m */; };
		D4E508D1102399E0002B39D7 /* TWOverviewViewController.m in Sources */ = {isa = PBXBuildFile; fileRef = D4E508D0102399E0002B39D7 /* TWOverviewViewController.m */; };
		D4E509431023C17F002B39D7 /* CocoaCryptoHashing.m in Sources */ = {isa = PBXBuildFile; fileRef = D4E509411023C17F002B39D7 /* CocoaCryptoHashing.m */; };
		D4E509B31023CB85002B39D7 /* TWImageTableViewController.m in Sources */ = {isa = PBXBuildFile; fileRef = D4E509B21023CB85002B39D7 /* TWImageTableViewController.m */; };
		D4E84FB1102D4BEC00A80676 /* Localizable.strings in Resources */ = {isa = PBXBuildFile; fileRef = D4E84FAF102D4BEC00A80676 /* Localizable.strings */; };
		D4E85027102D668E00A80676 /* Icon.png in Resources */ = {isa = PBXBuildFile; fileRef = D4E85026102D668E00A80676 /* Icon.png */; };
		D4E9C6E510223D6200B955C7 /* SystemConfiguration.framework in Frameworks */ = {isa = PBXBuildFile; fileRef = D4E9C6E410223D6200B955C7 /* SystemConfiguration.framework */; };
		D4E9C70110223DBB00B955C7 /* CFNetwork.framework in Frameworks */ = {isa = PBXBuildFile; fileRef = D4E9C70010223DBB00B955C7 /* CFNetwork.framework */; };
		D4EDBEF31082032900C9EBFE /* TWWebController.m in Sources */ = {isa = PBXBuildFile; fileRef = D4EDBEF21082032900C9EBFE /* TWWebController.m */; };
		D4EDBEF71082034800C9EBFE /* TWWebController.xib in Resources */ = {isa = PBXBuildFile; fileRef = D4EDBEF61082034800C9EBFE /* TWWebController.xib */; };
		D4EDBEFB1082042000C9EBFE /* webBack.png in Resources */ = {isa = PBXBuildFile; fileRef = D4EDBEF91082042000C9EBFE /* webBack.png */; };
		D4EDBEFC1082042000C9EBFE /* webForward.png in Resources */ = {isa = PBXBuildFile; fileRef = D4EDBEFA1082042000C9EBFE /* webForward.png */; };
/* End PBXBuildFile section */

/* Begin PBXFileReference section */
		1D30AB110D05D00D00671497 /* Foundation.framework */ = {isa = PBXFileReference; lastKnownFileType = wrapper.framework; name = Foundation.framework; path = System/Library/Frameworks/Foundation.framework; sourceTree = SDKROOT; };
		1D3623240D0F684500981E51 /* TWWeatherAppDelegate.h */ = {isa = PBXFileReference; fileEncoding = 4; lastKnownFileType = sourcecode.c.h; path = TWWeatherAppDelegate.h; sourceTree = "<group>"; };
		1D3623250D0F684500981E51 /* TWWeatherAppDelegate.m */ = {isa = PBXFileReference; fileEncoding = 4; lastKnownFileType = sourcecode.c.objc; path = TWWeatherAppDelegate.m; sourceTree = "<group>"; };
		1D6058910D05DD3D006BFB54 /* TWWeather.app */ = {isa = PBXFileReference; explicitFileType = wrapper.application; includeInIndex = 0; path = TWWeather.app; sourceTree = BUILT_PRODUCTS_DIR; };
		1DF5F4DF0D08C38300B7A737 /* UIKit.framework */ = {isa = PBXFileReference; lastKnownFileType = wrapper.framework; name = UIKit.framework; path = System/Library/Frameworks/UIKit.framework; sourceTree = SDKROOT; };
		2892E40F0DC94CBA00A64D0F /* CoreGraphics.framework */ = {isa = PBXFileReference; lastKnownFileType = wrapper.framework; name = CoreGraphics.framework; path = System/Library/Frameworks/CoreGraphics.framework; sourceTree = SDKROOT; };
		28A0AAE50D9B0CCF005BE974 /* TWWeather_Prefix.pch */ = {isa = PBXFileReference; fileEncoding = 4; lastKnownFileType = sourcecode.c.h; path = TWWeather_Prefix.pch; sourceTree = "<group>"; };
		28AD735F0D9D9599002E5188 /* MainWindow.xib */ = {isa = PBXFileReference; lastKnownFileType = file.xib; path = MainWindow.xib; sourceTree = "<group>"; };
		28C286DF0D94DF7D0034E888 /* TWRootViewController.h */ = {isa = PBXFileReference; fileEncoding = 4; lastKnownFileType = sourcecode.c.h; path = TWRootViewController.h; sourceTree = "<group>"; };
		28C286E00D94DF7D0034E888 /* TWRootViewController.m */ = {isa = PBXFileReference; fileEncoding = 4; lastKnownFileType = sourcecode.c.objc; path = TWRootViewController.m; sourceTree = "<group>"; };
		29B97316FDCFA39411CA2CEA /* main.m */ = {isa = PBXFileReference; fileEncoding = 4; lastKnownFileType = sourcecode.c.objc; path = main.m; sourceTree = "<group>"; };
		8D1107310486CEB800E47090 /* TWWeather-Info.plist */ = {isa = PBXFileReference; fileEncoding = 4; lastKnownFileType = text.plist.xml; path = "TWWeather-Info.plist"; plistStructureDefinitionIdentifier = "com.apple.xcode.plist.structure-definition.iphone.info-plist"; sourceTree = "<group>"; };
		D41B04351031F212000AA604 /* Entitlements.plist */ = {isa = PBXFileReference; fileEncoding = 4; lastKnownFileType = text.plist.xml; path = Entitlements.plist; sourceTree = "<group>"; };
		D426D6B5102D142C00BBBEB3 /* TWOBSResultTableViewController.h */ = {isa = PBXFileReference; fileEncoding = 4; lastKnownFileType = sourcecode.c.h; path = TWOBSResultTableViewController.h; sourceTree = "<group>"; };
		D426D6B6102D142C00BBBEB3 /* TWOBSResultTableViewController.m */ = {isa = PBXFileReference; fileEncoding = 4; lastKnownFileType = sourcecode.c.objc; path = TWOBSResultTableViewController.m; sourceTree = "<group>"; };
		D426D6DB102D17D400BBBEB3 /* TWOBSCell.h */ = {isa = PBXFileReference; fileEncoding = 4; lastKnownFileType = sourcecode.c.h; path = TWOBSCell.h; sourceTree = "<group>"; };
		D426D6DC102D17D400BBBEB3 /* TWOBSCell.m */ = {isa = PBXFileReference; fileEncoding = 4; lastKnownFileType = sourcecode.c.objc; path = TWOBSCell.m; sourceTree = "<group>"; };
		D426D8CD102D377600BBBEB3 /* TWLoadingView.h */ = {isa = PBXFileReference; fileEncoding = 4; lastKnownFileType = sourcecode.c.h; path = TWLoadingView.h; sourceTree = "<group>"; };
		D426D8CE102D377600BBBEB3 /* TWLoadingView.m */ = {isa = PBXFileReference; fileEncoding = 4; lastKnownFileType = sourcecode.c.objc; path = TWLoadingView.m; sourceTree = "<group>"; };
		D42C7A071023CF59009C3C4E /* TWImageViewController.h */ = {isa = PBXFileReference; fileEncoding = 4; lastKnownFileType = sourcecode.c.h; path = TWImageViewController.h; sourceTree = "<group>"; };
		D42C7A081023CF59009C3C4E /* TWImageViewController.m */ = {isa = PBXFileReference; fileEncoding = 4; lastKnownFileType = sourcecode.c.objc; path = TWImageViewController.m; sourceTree = "<group>"; };
		D46045921083A64B00B97EEF /* tel.png */ = {isa = PBXFileReference; lastKnownFileType = image.png; name = tel.png; path = Images/tel.png; sourceTree = "<group>"; };
		D471EAB8102F460600768C5B /* TWTests.octest */ = {isa = PBXFileReference; explicitFileType = wrapper.cfbundle; includeInIndex = 0; path = TWTests.octest; sourceTree = BUILT_PRODUCTS_DIR; };
		D471EAB9102F460600768C5B /* TWTests-Info.plist */ = {isa = PBXFileReference; lastKnownFileType = text.plist.xml; path = "TWTests-Info.plist"; sourceTree = "<group>"; };
		D471EBD6102F47D400768C5B /* TWAPITest.h */ = {isa = PBXFileReference; fileEncoding = 4; lastKnownFileType = sourcecode.c.h; name = TWAPITest.h; path = ../TWAPIBox/Tests/TWAPITest.h; sourceTree = SOURCE_ROOT; };
		D471EBD7102F47D400768C5B /* TWAPITest.m */ = {isa = PBXFileReference; fileEncoding = 4; lastKnownFileType = sourcecode.c.objc; name = TWAPITest.m; path = ../TWAPIBox/Tests/TWAPITest.m; sourceTree = SOURCE_ROOT; wrapsLines = 1; };
		D489E3831023DF2500189460 /* TWAPIBox+Cache.m */ = {isa = PBXFileReference; fileEncoding = 4; lastKnownFileType = sourcecode.c.objc; name = "TWAPIBox+Cache.m"; path = "../TWAPIBox/TWAPIBox+Cache.m"; sourceTree = SOURCE_ROOT; };
		D489E3841023DF2500189460 /* TWAPIBox+Cache.h */ = {isa = PBXFileReference; fileEncoding = 4; lastKnownFileType = sourcecode.c.h; name = "TWAPIBox+Cache.h"; path = "../TWAPIBox/TWAPIBox+Cache.h"; sourceTree = SOURCE_ROOT; };
		D489E3991023E00100189460 /* DayCloudy.png */ = {isa = PBXFileReference; lastKnownFileType = image.png; name = DayCloudy.png; path = Images/DayCloudy.png; sourceTree = "<group>"; };
		D489E39A1023E00100189460 /* DayCloudyGlommy.png */ = {isa = PBXFileReference; lastKnownFileType = image.png; name = DayCloudyGlommy.png; path = Images/DayCloudyGlommy.png; sourceTree = "<group>"; };
		D489E39B1023E00100189460 /* DayCloudySunny.png */ = {isa = PBXFileReference; lastKnownFileType = image.png; name = DayCloudySunny.png; path = Images/DayCloudySunny.png; sourceTree = "<group>"; };
		D489E39C1023E00100189460 /* DayGlommy.png */ = {isa = PBXFileReference; lastKnownFileType = image.png; name = DayGlommy.png; path = Images/DayGlommy.png; sourceTree = "<group>"; };
		D489E39D1023E00100189460 /* DayGloomyRainy.png */ = {isa = PBXFileReference; lastKnownFileType = image.png; name = DayGloomyRainy.png; path = Images/DayGloomyRainy.png; sourceTree = "<group>"; };
		D489E39E1023E00100189460 /* DayRainy.png */ = {isa = PBXFileReference; lastKnownFileType = image.png; name = DayRainy.png; path = Images/DayRainy.png; sourceTree = "<group>"; };
		D489E39F1023E00100189460 /* DaySunny.png */ = {isa = PBXFileReference; lastKnownFileType = image.png; name = DaySunny.png; path = Images/DaySunny.png; sourceTree = "<group>"; };
		D489E3A01023E00100189460 /* DaySunnyCloudy.png */ = {isa = PBXFileReference; lastKnownFileType = image.png; name = DaySunnyCloudy.png; path = Images/DaySunnyCloudy.png; sourceTree = "<group>"; };
		D489E3A21023E00100189460 /* NightCloudy.png */ = {isa = PBXFileReference; lastKnownFileType = image.png; name = NightCloudy.png; path = Images/NightCloudy.png; sourceTree = "<group>"; };
		D489E3A31023E00100189460 /* NightCloudyGlommy.png */ = {isa = PBXFileReference; lastKnownFileType = image.png; name = NightCloudyGlommy.png; path = Images/NightCloudyGlommy.png; sourceTree = "<group>"; };
		D489E3A41023E00100189460 /* NightCloudySunny.png */ = {isa = PBXFileReference; lastKnownFileType = image.png; name = NightCloudySunny.png; path = Images/NightCloudySunny.png; sourceTree = "<group>"; };
		D489E3A51023E00100189460 /* NightGlommy.png */ = {isa = PBXFileReference; lastKnownFileType = image.png; name = NightGlommy.png; path = Images/NightGlommy.png; sourceTree = "<group>"; };
		D489E3A61023E00100189460 /* NightGloomyRainy.png */ = {isa = PBXFileReference; lastKnownFileType = image.png; name = NightGloomyRainy.png; path = Images/NightGloomyRainy.png; sourceTree = "<group>"; };
		D489E3A71023E00100189460 /* NightRainy.png */ = {isa = PBXFileReference; lastKnownFileType = image.png; name = NightRainy.png; path = Images/NightRainy.png; sourceTree = "<group>"; };
		D489E3A81023E00100189460 /* NightSunny.png */ = {isa = PBXFileReference; lastKnownFileType = image.png; name = NightSunny.png; path = Images/NightSunny.png; sourceTree = "<group>"; };
		D489E3A91023E00100189460 /* NightSunnyCloudy.png */ = {isa = PBXFileReference; lastKnownFileType = image.png; name = NightSunnyCloudy.png; path = Images/NightSunnyCloudy.png; sourceTree = "<group>"; };
		D489E4F81023F2A200189460 /* TWLocationSettingTableViewController.h */ = {isa = PBXFileReference; fileEncoding = 4; lastKnownFileType = sourcecode.c.h; path = TWLocationSettingTableViewController.h; sourceTree = "<group>"; };
		D489E4F91023F2A200189460 /* TWLocationSettingTableViewController.m */ = {isa = PBXFileReference; fileEncoding = 4; lastKnownFileType = sourcecode.c.objc; path = TWLocationSettingTableViewController.m; sourceTree = "<group>"; };
		D489E5951024DD7600189460 /* Default.png */ = {isa = PBXFileReference; lastKnownFileType = image.png; name = Default.png; path = Images/Default.png; sourceTree = "<group>"; };
		D489E59B1024EA4300189460 /* English */ = {isa = PBXFileReference; fileEncoding = 10; lastKnownFileType = text.plist.strings; name = English; path = English.lproj/InfoPlist.strings; sourceTree = "<group>"; };
		D489E5A41024EB3F00189460 /* TWAboutViewController.h */ = {isa = PBXFileReference; fileEncoding = 4; lastKnownFileType = sourcecode.c.h; path = TWAboutViewController.h; sourceTree = "<group>"; };
		D489E5A51024EB3F00189460 /* TWAboutViewController.m */ = {isa = PBXFileReference; fileEncoding = 4; lastKnownFileType = sourcecode.c.objc; path = TWAboutViewController.m; sourceTree = "<group>"; };
		D489E5DB1024EF6000189460 /* MessageUI.framework */ = {isa = PBXFileReference; lastKnownFileType = wrapper.framework; name = MessageUI.framework; path = System/Library/Frameworks/MessageUI.framework; sourceTree = SDKROOT; };
		D4C02AAC102BD47000FD1D3B /* TWAPIBox+Private.h */ = {isa = PBXFileReference; fileEncoding = 4; lastKnownFileType = sourcecode.c.h; name = "TWAPIBox+Private.h"; path = "../TWAPIBox/TWAPIBox+Private.h"; sourceTree = SOURCE_ROOT; };
		D4C02AAD102BD47000FD1D3B /* TWAPIBox+Private.m */ = {isa = PBXFileReference; fileEncoding = 4; lastKnownFileType = sourcecode.c.objc; name = "TWAPIBox+Private.m"; path = "../TWAPIBox/TWAPIBox+Private.m"; sourceTree = SOURCE_ROOT; };
		D4C02C3B102C03F700FD1D3B /* TWFavoriteTableViewController.h */ = {isa = PBXFileReference; fileEncoding = 4; lastKnownFileType = sourcecode.c.h; path = TWFavoriteTableViewController.h; sourceTree = "<group>"; };
		D4C02C3C102C03F700FD1D3B /* TWFavoriteTableViewController.m */ = {isa = PBXFileReference; fileEncoding = 4; lastKnownFileType = sourcecode.c.objc; path = TWFavoriteTableViewController.m; sourceTree = "<group>"; };
		D4C02E30102C221900FD1D3B /* TWOBSTableViewController.h */ = {isa = PBXFileReference; fileEncoding = 4; lastKnownFileType = sourcecode.c.h; path = TWOBSTableViewController.h; sourceTree = "<group>"; };
		D4C02E31102C221900FD1D3B /* TWOBSTableViewController.m */ = {isa = PBXFileReference; fileEncoding = 4; lastKnownFileType = sourcecode.c.objc; path = TWOBSTableViewController.m; sourceTree = "<group>"; };
		D4C3A0CE102235DB00E7A430 /* NSData+LFHTTPFormExtensions.m */ = {isa = PBXFileReference; fileEncoding = 4; lastKnownFileType = sourcecode.c.objc; name = "NSData+LFHTTPFormExtensions.m"; path = "../External/LFWebAPIKit/NSData+LFHTTPFormExtensions.m"; sourceTree = SOURCE_ROOT; };
		D4C3A0CF102235DB00E7A430 /* LFHTTPRequest.h */ = {isa = PBXFileReference; fileEncoding = 4; lastKnownFileType = sourcecode.c.h; name = LFHTTPRequest.h; path = ../External/LFWebAPIKit/LFHTTPRequest.h; sourceTree = SOURCE_ROOT; };
		D4C3A0D0102235DB00E7A430 /* LFHTTPRequest.m */ = {isa = PBXFileReference; fileEncoding = 4; lastKnownFileType = sourcecode.c.objc; name = LFHTTPRequest.m; path = ../External/LFWebAPIKit/LFHTTPRequest.m; sourceTree = SOURCE_ROOT; };
		D4C3A0D1102235DB00E7A430 /* LFSiteReachability.h */ = {isa = PBXFileReference; fileEncoding = 4; lastKnownFileType = sourcecode.c.h; name = LFSiteReachability.h; path = ../External/LFWebAPIKit/LFSiteReachability.h; sourceTree = SOURCE_ROOT; };
		D4C3A0D2102235DB00E7A430 /* LFSiteReachability.m */ = {isa = PBXFileReference; fileEncoding = 4; lastKnownFileType = sourcecode.c.objc; name = LFSiteReachability.m; path = ../External/LFWebAPIKit/LFSiteReachability.m; sourceTree = SOURCE_ROOT; };
		D4C3A0D3102235DB00E7A430 /* LFWebAPIKit.h */ = {isa = PBXFileReference; fileEncoding = 4; lastKnownFileType = sourcecode.c.h; name = LFWebAPIKit.h; path = ../External/LFWebAPIKit/LFWebAPIKit.h; sourceTree = SOURCE_ROOT; };
		D4C3A0D4102235DB00E7A430 /* NSData+LFHTTPFormExtensions.h */ = {isa = PBXFileReference; fileEncoding = 4; lastKnownFileType = sourcecode.c.h; name = "NSData+LFHTTPFormExtensions.h"; path = "../External/LFWebAPIKit/NSData+LFHTTPFormExtensions.h"; sourceTree = SOURCE_ROOT; };
		D4C3A0DB1022361E00E7A430 /* TWAPIBox.h */ = {isa = PBXFileReference; fileEncoding = 4; lastKnownFileType = sourcecode.c.h; name = TWAPIBox.h; path = ../TWAPIBox/TWAPIBox.h; sourceTree = SOURCE_ROOT; };
		D4C3A0DC1022361E00E7A430 /* TWAPIBox.m */ = {isa = PBXFileReference; fileEncoding = 4; lastKnownFileType = sourcecode.c.objc; name = TWAPIBox.m; path = ../TWAPIBox/TWAPIBox.m; sourceTree = SOURCE_ROOT; };
		D4E5025610233338002B39D7 /* TWAPIBox+Info.h */ = {isa = PBXFileReference; fileEncoding = 4; lastKnownFileType = sourcecode.c.h; name = "TWAPIBox+Info.h"; path = "../TWAPIBox/TWAPIBox+Info.h"; sourceTree = SOURCE_ROOT; };
		D4E5025710233338002B39D7 /* TWAPIBox+Info.m */ = {isa = PBXFileReference; fileEncoding = 4; lastKnownFileType = sourcecode.c.objc; name = "TWAPIBox+Info.m"; path = "../TWAPIBox/TWAPIBox+Info.m"; sourceTree = SOURCE_ROOT; };
		D4E5029810234126002B39D7 /* TWBasicForecastTableViewController.h */ = {isa = PBXFileReference; fileEncoding = 4; lastKnownFileType = sourcecode.c.h; path = TWBasicForecastTableViewController.h; sourceTree = "<group>"; };
		D4E5029910234126002B39D7 /* TWBasicForecastTableViewController.m */ = {isa = PBXFileReference; fileEncoding = 4; lastKnownFileType = sourcecode.c.objc; path = TWBasicForecastTableViewController.m; sourceTree = "<group>"; };
		D4E502A6102343C6002B39D7 /* TWForecastTableViewController.h */ = {isa = PBXFileReference; fileEncoding = 4; lastKnownFileType = sourcecode.c.h; path = TWForecastTableViewController.h; sourceTree = "<group>"; };
		D4E502A7102343C6002B39D7 /* TWForecastTableViewController.m */ = {isa = PBXFileReference; fileEncoding = 4; lastKnownFileType = sourcecode.c.objc; path = TWForecastTableViewController.m; sourceTree = "<group>"; };
		D4E502F710234698002B39D7 /* TWForecastResultTableViewController.h */ = {isa = PBXFileReference; fileEncoding = 4; lastKnownFileType = sourcecode.c.h; path = TWForecastResultTableViewController.h; sourceTree = "<group>"; };
		D4E502F810234698002B39D7 /* TWForecastResultTableViewController.m */ = {isa = PBXFileReference; fileEncoding = 4; lastKnownFileType = sourcecode.c.objc; path = TWForecastResultTableViewController.m; sourceTree = "<group>"; };
		D4E5033110234C2D002B39D7 /* TWForecastResultCell.h */ = {isa = PBXFileReference; fileEncoding = 4; lastKnownFileType = sourcecode.c.h; path = TWForecastResultCell.h; sourceTree = "<group>"; };
		D4E5033210234C2D002B39D7 /* TWForecastResultCell.m */ = {isa = PBXFileReference; fileEncoding = 4; lastKnownFileType = sourcecode.c.objc; path = TWForecastResultCell.m; sourceTree = "<group>"; };
		D4E503DC102357FC002B39D7 /* TWLoadingCell.h */ = {isa = PBXFileReference; fileEncoding = 4; lastKnownFileType = sourcecode.c.h; path = TWLoadingCell.h; sourceTree = "<group>"; };
		D4E503DD102357FC002B39D7 /* TWLoadingCell.m */ = {isa = PBXFileReference; fileEncoding = 4; lastKnownFileType = sourcecode.c.objc; path = TWLoadingCell.m; sourceTree = "<group>"; };
		D4E5042810235B65002B39D7 /* TWWeekTableViewController.h */ = {isa = PBXFileReference; fileEncoding = 4; lastKnownFileType = sourcecode.c.h; path = TWWeekTableViewController.h; sourceTree = "<group>"; };
		D4E5042910235B65002B39D7 /* TWWeekTableViewController.m */ = {isa = PBXFileReference; fileEncoding = 4; lastKnownFileType = sourcecode.c.objc; path = TWWeekTableViewController.m; sourceTree = "<group>"; };
		D4E5046510235E92002B39D7 /* TWWeekResultTableViewController.h */ = {isa = PBXFileReference; fileEncoding = 4; lastKnownFileType = sourcecode.c.h; path = TWWeekResultTableViewController.h; sourceTree = "<group>"; };
		D4E5046610235E92002B39D7 /* TWWeekResultTableViewController.m */ = {isa = PBXFileReference; fileEncoding = 4; lastKnownFileType = sourcecode.c.objc; path = TWWeekResultTableViewController.m; sourceTree = "<group>"; };
		D4E504AC10236201002B39D7 /* TWWeekResultCell.h */ = {isa = PBXFileReference; fileEncoding = 4; lastKnownFileType = sourcecode.c.h; path = TWWeekResultCell.h; sourceTree = "<group>"; };
		D4E504AD10236201002B39D7 /* TWWeekResultCell.m */ = {isa = PBXFileReference; fileEncoding = 4; lastKnownFileType = sourcecode.c.objc; path = TWWeekResultCell.m; sourceTree = "<group>"; };
		D4E5052510236A1A002B39D7 /* TWWeekTravelTableViewController.h */ = {isa = PBXFileReference; fileEncoding = 4; lastKnownFileType = sourcecode.c.h; path = TWWeekTravelTableViewController.h; sourceTree = "<group>"; };
		D4E5052610236A1A002B39D7 /* TWWeekTravelTableViewController.m */ = {isa = PBXFileReference; fileEncoding = 4; lastKnownFileType = sourcecode.c.objc; path = TWWeekTravelTableViewController.m; sourceTree = "<group>"; };
		D4E5056E10236C6B002B39D7 /* TWThreeDaySeaTableViewController.h */ = {isa = PBXFileReference; fileEncoding = 4; lastKnownFileType = sourcecode.c.h; path = TWThreeDaySeaTableViewController.h; sourceTree = "<group>"; };
		D4E5056F10236C6B002B39D7 /* TWThreeDaySeaTableViewController.m */ = {isa = PBXFileReference; fileEncoding = 4; lastKnownFileType = sourcecode.c.objc; path = TWThreeDaySeaTableViewController.m; sourceTree = "<group>"; };
		D4E505A010236EF0002B39D7 /* TWThreeDaySeaResultTableViewController.h */ = {isa = PBXFileReference; fileEncoding = 4; lastKnownFileType = sourcecode.c.h; path = TWThreeDaySeaResultTableViewController.h; sourceTree = "<group>"; };
		D4E505A110236EF0002B39D7 /* TWThreeDaySeaResultTableViewController.m */ = {isa = PBXFileReference; fileEncoding = 4; lastKnownFileType = sourcecode.c.objc; path = TWThreeDaySeaResultTableViewController.m; sourceTree = "<group>"; };
		D4E505E0102370EF002B39D7 /* TWThreeDaySeaCell.h */ = {isa = PBXFileReference; fileEncoding = 4; lastKnownFileType = sourcecode.c.h; path = TWThreeDaySeaCell.h; sourceTree = "<group>"; };
		D4E505E1102370EF002B39D7 /* TWThreeDaySeaCell.m */ = {isa = PBXFileReference; fileEncoding = 4; lastKnownFileType = sourcecode.c.objc; path = TWThreeDaySeaCell.m; sourceTree = "<group>"; };
		D4E5063410237768002B39D7 /* TWNearSeaTableViewController.h */ = {isa = PBXFileReference; fileEncoding = 4; lastKnownFileType = sourcecode.c.h; path = TWNearSeaTableViewController.h; sourceTree = "<group>"; };
		D4E5063510237768002B39D7 /* TWNearSeaTableViewController.m */ = {isa = PBXFileReference; fileEncoding = 4; lastKnownFileType = sourcecode.c.objc; path = TWNearSeaTableViewController.m; sourceTree = "<group>"; };
		D4E5067E10237944002B39D7 /* TWNearSeaResultTableViewController.h */ = {isa = PBXFileReference; fileEncoding = 4; lastKnownFileType = sourcecode.c.h; path = TWNearSeaResultTableViewController.h; sourceTree = "<group>"; };
		D4E5067F10237944002B39D7 /* TWNearSeaResultTableViewController.m */ = {isa = PBXFileReference; fileEncoding = 4; lastKnownFileType = sourcecode.c.objc; path = TWNearSeaResultTableViewController.m; sourceTree = "<group>"; };
		D4E506A310237A99002B39D7 /* TWNearSeaCell.h */ = {isa = PBXFileReference; fileEncoding = 4; lastKnownFileType = sourcecode.c.h; path = TWNearSeaCell.h; sourceTree = "<group>"; };
		D4E506A410237A99002B39D7 /* TWNearSeaCell.m */ = {isa = PBXFileReference; fileEncoding = 4; lastKnownFileType = sourcecode.c.objc; path = TWNearSeaCell.m; sourceTree = "<group>"; };
		D4E507331023838B002B39D7 /* TWTideTableViewController.h */ = {isa = PBXFileReference; fileEncoding = 4; lastKnownFileType = sourcecode.c.h; path = TWTideTableViewController.h; sourceTree = "<group>"; };
		D4E507341023838B002B39D7 /* TWTideTableViewController.m */ = {isa = PBXFileReference; fileEncoding = 4; lastKnownFileType = sourcecode.c.objc; path = TWTideTableViewController.m; sourceTree = "<group>"; };
		D4E5075310238538002B39D7 /* TWTideResultTableViewController.h */ = {isa = PBXFileReference; fileEncoding = 4; lastKnownFileType = sourcecode.c.h; path = TWTideResultTableViewController.h; sourceTree = "<group>"; };
		D4E5075410238538002B39D7 /* TWTideResultTableViewController.m */ = {isa = PBXFileReference; fileEncoding = 4; lastKnownFileType = sourcecode.c.objc; path = TWTideResultTableViewController.m; sourceTree = "<group>"; };
		D4E5078B10238957002B39D7 /* TWTideCell.h */ = {isa = PBXFileReference; fileEncoding = 4; lastKnownFileType = sourcecode.c.h; path = TWTideCell.h; sourceTree = "<group>"; };
		D4E5078C10238957002B39D7 /* TWTideCell.m */ = {isa = PBXFileReference; fileEncoding = 4; lastKnownFileType = sourcecode.c.objc; path = TWTideCell.m; sourceTree = "<group>"; };
		D4E50841102391DB002B39D7 /* TWErrorViewController.h */ = {isa = PBXFileReference; fileEncoding = 4; lastKnownFileType = sourcecode.c.h; path = TWErrorViewController.h; sourceTree = "<group>"; };
		D4E50842102391DB002B39D7 /* TWErrorViewController.m */ = {isa = PBXFileReference; fileEncoding = 4; lastKnownFileType = sourcecode.c.objc; path = TWErrorViewController.m; sourceTree = "<group>"; };
		D4E508CF102399E0002B39D7 /* TWOverviewViewController.h */ = {isa = PBXFileReference; fileEncoding = 4; lastKnownFileType = sourcecode.c.h; path = TWOverviewViewController.h; sourceTree = "<group>"; };
		D4E508D0102399E0002B39D7 /* TWOverviewViewController.m */ = {isa = PBXFileReference; fileEncoding = 4; lastKnownFileType = sourcecode.c.objc; path = TWOverviewViewController.m; sourceTree = "<group>"; };
		D4E509411023C17F002B39D7 /* CocoaCryptoHashing.m */ = {isa = PBXFileReference; fileEncoding = 4; lastKnownFileType = sourcecode.c.objc; name = CocoaCryptoHashing.m; path = ../External/cocoa_crypto_hashing/CocoaCryptoHashing.m; sourceTree = SOURCE_ROOT; };
		D4E509421023C17F002B39D7 /* CocoaCryptoHashing.h */ = {isa = PBXFileReference; fileEncoding = 4; lastKnownFileType = sourcecode.c.h; name = CocoaCryptoHashing.h; path = ../External/cocoa_crypto_hashing/CocoaCryptoHashing.h; sourceTree = SOURCE_ROOT; };
		D4E509B11023CB85002B39D7 /* TWImageTableViewController.h */ = {isa = PBXFileReference; fileEncoding = 4; lastKnownFileType = sourcecode.c.h; path = TWImageTableViewController.h; sourceTree = "<group>"; };
		D4E509B21023CB85002B39D7 /* TWImageTableViewController.m */ = {isa = PBXFileReference; fileEncoding = 4; lastKnownFileType = sourcecode.c.objc; path = TWImageTableViewController.m; sourceTree = "<group>"; };
		D4E84FAA102D4A5200A80676 /* zh-Hant */ = {isa = PBXFileReference; lastKnownFileType = text.plist.strings; name = "zh-Hant"; path = "zh-Hant.lproj/InfoPlist.strings"; sourceTree = "<group>"; };
		D4E84FB0102D4BEC00A80676 /* English */ = {isa = PBXFileReference; fileEncoding = 4; lastKnownFileType = text.plist.strings; name = English; path = English.lproj/Localizable.strings; sourceTree = "<group>"; };
		D4E84FB3102D4C0500A80676 /* zh-Hant */ = {isa = PBXFileReference; lastKnownFileType = text.plist.strings; name = "zh-Hant"; path = "zh-Hant.lproj/Localizable.strings"; sourceTree = "<group>"; };
		D4E85026102D668E00A80676 /* Icon.png */ = {isa = PBXFileReference; lastKnownFileType = image.png; path = Icon.png; sourceTree = "<group>"; };
		D4E9C6E410223D6200B955C7 /* SystemConfiguration.framework */ = {isa = PBXFileReference; lastKnownFileType = wrapper.framework; name = SystemConfiguration.framework; path = System/Library/Frameworks/SystemConfiguration.framework; sourceTree = SDKROOT; };
		D4E9C70010223DBB00B955C7 /* CFNetwork.framework */ = {isa = PBXFileReference; lastKnownFileType = wrapper.framework; name = CFNetwork.framework; path = System/Library/Frameworks/CFNetwork.framework; sourceTree = SDKROOT; };
		D4EDBEF11082032900C9EBFE /* TWWebController.h */ = {isa = PBXFileReference; fileEncoding = 4; lastKnownFileType = sourcecode.c.h; path = TWWebController.h; sourceTree = "<group>"; };
		D4EDBEF21082032900C9EBFE /* TWWebController.m */ = {isa = PBXFileReference; fileEncoding = 4; lastKnownFileType = sourcecode.c.objc; path = TWWebController.m; sourceTree = "<group>"; };
		D4EDBEF61082034800C9EBFE /* TWWebController.xib */ = {isa = PBXFileReference; lastKnownFileType = file.xib; path = TWWebController.xib; sourceTree = "<group>"; };
		D4EDBEF91082042000C9EBFE /* webBack.png */ = {isa = PBXFileReference; lastKnownFileType = image.png; name = webBack.png; path = Images/webBack.png; sourceTree = "<group>"; };
		D4EDBEFA1082042000C9EBFE /* webForward.png */ = {isa = PBXFileReference; lastKnownFileType = image.png; name = webForward.png; path = Images/webForward.png; sourceTree = "<group>"; };
/* End PBXFileReference section */

/* Begin PBXFrameworksBuildPhase section */
		1D60588F0D05DD3D006BFB54 /* Frameworks */ = {
			isa = PBXFrameworksBuildPhase;
			buildActionMask = 2147483647;
			files = (
				1D60589F0D05DD5A006BFB54 /* Foundation.framework in Frameworks */,
				1DF5F4E00D08C38300B7A737 /* UIKit.framework in Frameworks */,
				2892E4100DC94CBA00A64D0F /* CoreGraphics.framework in Frameworks */,
				D4E9C6E510223D6200B955C7 /* SystemConfiguration.framework in Frameworks */,
				D4E9C70110223DBB00B955C7 /* CFNetwork.framework in Frameworks */,
				D489E5DC1024EF6000189460 /* MessageUI.framework in Frameworks */,
			);
			runOnlyForDeploymentPostprocessing = 0;
		};
		D471EAB5102F460600768C5B /* Frameworks */ = {
			isa = PBXFrameworksBuildPhase;
			buildActionMask = 2147483647;
			files = (
				D471EBB6102F476100768C5B /* Foundation.framework in Frameworks */,
				D471EBB7102F476100768C5B /* UIKit.framework in Frameworks */,
				D471EBB8102F476100768C5B /* SystemConfiguration.framework in Frameworks */,
				D471EBB9102F476100768C5B /* CFNetwork.framework in Frameworks */,
			);
			runOnlyForDeploymentPostprocessing = 0;
		};
/* End PBXFrameworksBuildPhase section */

/* Begin PBXGroup section */
		080E96DDFE201D6D7F000001 /* Classes */ = {
			isa = PBXGroup;
			children = (
				D4C02C38102C03E000FD1D3B /* Favorite */,
				D4C02C35102C03C300FD1D3B /* More */,
				D4E503DC102357FC002B39D7 /* TWLoadingCell.h */,
				D4E503DD102357FC002B39D7 /* TWLoadingCell.m */,
				1D3623240D0F684500981E51 /* TWWeatherAppDelegate.h */,
				1D3623250D0F684500981E51 /* TWWeatherAppDelegate.m */,
				D4E50841102391DB002B39D7 /* TWErrorViewController.h */,
				D4E50842102391DB002B39D7 /* TWErrorViewController.m */,
				D4EDBEF11082032900C9EBFE /* TWWebController.h */,
				D4EDBEF21082032900C9EBFE /* TWWebController.m */,
				D426D8CD102D377600BBBEB3 /* TWLoadingView.h */,
				D426D8CE102D377600BBBEB3 /* TWLoadingView.m */,
			);
			path = Classes;
			sourceTree = "<group>";
		};
		19C28FACFE9D520D11CA2CBB /* Products */ = {
			isa = PBXGroup;
			children = (
				1D6058910D05DD3D006BFB54 /* TWWeather.app */,
				D471EAB8102F460600768C5B /* TWTests.octest */,
			);
			name = Products;
			sourceTree = "<group>";
		};
		29B97314FDCFA39411CA2CEA /* CustomTemplate */ = {
			isa = PBXGroup;
			children = (
				D4C3A0D81022360F00E7A430 /* TWAPIBOX */,
				D4C3A0CA102235B800E7A430 /* External Libraries */,
				080E96DDFE201D6D7F000001 /* Classes */,
				29B97315FDCFA39411CA2CEA /* Other Sources */,
				29B97317FDCFA39411CA2CEA /* Resources */,
				29B97323FDCFA39411CA2CEA /* Frameworks */,
				19C28FACFE9D520D11CA2CBB /* Products */,
				D471EAB9102F460600768C5B /* TWTests-Info.plist */,
				D41B04351031F212000AA604 /* Entitlements.plist */,
			);
			name = CustomTemplate;
			sourceTree = "<group>";
		};
		29B97315FDCFA39411CA2CEA /* Other Sources */ = {
			isa = PBXGroup;
			children = (
				28A0AAE50D9B0CCF005BE974 /* TWWeather_Prefix.pch */,
				29B97316FDCFA39411CA2CEA /* main.m */,
			);
			name = "Other Sources";
			sourceTree = "<group>";
		};
		29B97317FDCFA39411CA2CEA /* Resources */ = {
			isa = PBXGroup;
			children = (
				D4E85026102D668E00A80676 /* Icon.png */,
				D489E5951024DD7600189460 /* Default.png */,
				D489E38C1023DFF500189460 /* Images */,
				28AD735F0D9D9599002E5188 /* MainWindow.xib */,
				8D1107310486CEB800E47090 /* TWWeather-Info.plist */,
				D4E84FAF102D4BEC00A80676 /* Localizable.strings */,
				D489E59D1024EA4600189460 /* InfoPlist.strings */,
				D4EDBEF61082034800C9EBFE /* TWWebController.xib */,
			);
			name = Resources;
			sourceTree = "<group>";
		};
		29B97323FDCFA39411CA2CEA /* Frameworks */ = {
			isa = PBXGroup;
			children = (
				D489E5DB1024EF6000189460 /* MessageUI.framework */,
				D4E9C70010223DBB00B955C7 /* CFNetwork.framework */,
				D4E9C6E410223D6200B955C7 /* SystemConfiguration.framework */,
				1DF5F4DF0D08C38300B7A737 /* UIKit.framework */,
				1D30AB110D05D00D00671497 /* Foundation.framework */,
				2892E40F0DC94CBA00A64D0F /* CoreGraphics.framework */,
			);
			name = Frameworks;
			sourceTree = "<group>";
		};
		D471EBD3102F47A300768C5B /* Tests */ = {
			isa = PBXGroup;
			children = (
				D471EBD6102F47D400768C5B /* TWAPITest.h */,
				D471EBD7102F47D400768C5B /* TWAPITest.m */,
			);
			name = Tests;
			sourceTree = "<group>";
		};
		D489E38C1023DFF500189460 /* Images */ = {
			isa = PBXGroup;
			children = (
				D46045921083A64B00B97EEF /* tel.png */,
				D4EDBEF91082042000C9EBFE /* webBack.png */,
				D4EDBEFA1082042000C9EBFE /* webForward.png */,
				D489E3991023E00100189460 /* DayCloudy.png */,
				D489E39A1023E00100189460 /* DayCloudyGlommy.png */,
				D489E39B1023E00100189460 /* DayCloudySunny.png */,
				D489E39C1023E00100189460 /* DayGlommy.png */,
				D489E39D1023E00100189460 /* DayGloomyRainy.png */,
				D489E39E1023E00100189460 /* DayRainy.png */,
				D489E39F1023E00100189460 /* DaySunny.png */,
				D489E3A01023E00100189460 /* DaySunnyCloudy.png */,
				D489E3A21023E00100189460 /* NightCloudy.png */,
				D489E3A31023E00100189460 /* NightCloudyGlommy.png */,
				D489E3A41023E00100189460 /* NightCloudySunny.png */,
				D489E3A51023E00100189460 /* NightGlommy.png */,
				D489E3A61023E00100189460 /* NightGloomyRainy.png */,
				D489E3A71023E00100189460 /* NightRainy.png */,
				D489E3A81023E00100189460 /* NightSunny.png */,
				D489E3A91023E00100189460 /* NightSunnyCloudy.png */,
			);
			name = Images;
			sourceTree = "<group>";
		};
		D4C02C35102C03C300FD1D3B /* More */ = {
			isa = PBXGroup;
			children = (
				28C286DF0D94DF7D0034E888 /* TWRootViewController.h */,
				28C286E00D94DF7D0034E888 /* TWRootViewController.m */,
				D4E508CF102399E0002B39D7 /* TWOverviewViewController.h */,
				D4E508D0102399E0002B39D7 /* TWOverviewViewController.m */,
				D4E5029810234126002B39D7 /* TWBasicForecastTableViewController.h */,
				D4E5029910234126002B39D7 /* TWBasicForecastTableViewController.m */,
				D4E502A6102343C6002B39D7 /* TWForecastTableViewController.h */,
				D4E502A7102343C6002B39D7 /* TWForecastTableViewController.m */,
				D4E502F710234698002B39D7 /* TWForecastResultTableViewController.h */,
				D4E502F810234698002B39D7 /* TWForecastResultTableViewController.m */,
				D4E5033110234C2D002B39D7 /* TWForecastResultCell.h */,
				D4E5033210234C2D002B39D7 /* TWForecastResultCell.m */,
				D4E5042810235B65002B39D7 /* TWWeekTableViewController.h */,
				D4E5042910235B65002B39D7 /* TWWeekTableViewController.m */,
				D4E5046510235E92002B39D7 /* TWWeekResultTableViewController.h */,
				D4E5046610235E92002B39D7 /* TWWeekResultTableViewController.m */,
				D4E504AC10236201002B39D7 /* TWWeekResultCell.h */,
				D4E504AD10236201002B39D7 /* TWWeekResultCell.m */,
				D4E5052510236A1A002B39D7 /* TWWeekTravelTableViewController.h */,
				D4E5052610236A1A002B39D7 /* TWWeekTravelTableViewController.m */,
				D4E5056E10236C6B002B39D7 /* TWThreeDaySeaTableViewController.h */,
				D4E5056F10236C6B002B39D7 /* TWThreeDaySeaTableViewController.m */,
				D4E505A010236EF0002B39D7 /* TWThreeDaySeaResultTableViewController.h */,
				D4E505A110236EF0002B39D7 /* TWThreeDaySeaResultTableViewController.m */,
				D4E505E0102370EF002B39D7 /* TWThreeDaySeaCell.h */,
				D4E505E1102370EF002B39D7 /* TWThreeDaySeaCell.m */,
				D4E5063410237768002B39D7 /* TWNearSeaTableViewController.h */,
				D4E5063510237768002B39D7 /* TWNearSeaTableViewController.m */,
				D4E5067E10237944002B39D7 /* TWNearSeaResultTableViewController.h */,
				D4E5067F10237944002B39D7 /* TWNearSeaResultTableViewController.m */,
				D4E506A310237A99002B39D7 /* TWNearSeaCell.h */,
				D4E506A410237A99002B39D7 /* TWNearSeaCell.m */,
				D4E507331023838B002B39D7 /* TWTideTableViewController.h */,
				D4E507341023838B002B39D7 /* TWTideTableViewController.m */,
				D4E5075310238538002B39D7 /* TWTideResultTableViewController.h */,
				D4E5075410238538002B39D7 /* TWTideResultTableViewController.m */,
				D4E5078B10238957002B39D7 /* TWTideCell.h */,
				D4E5078C10238957002B39D7 /* TWTideCell.m */,
				D4E509B11023CB85002B39D7 /* TWImageTableViewController.h */,
				D4E509B21023CB85002B39D7 /* TWImageTableViewController.m */,
				D42C7A071023CF59009C3C4E /* TWImageViewController.h */,
				D42C7A081023CF59009C3C4E /* TWImageViewController.m */,
				D489E5A41024EB3F00189460 /* TWAboutViewController.h */,
				D489E5A51024EB3F00189460 /* TWAboutViewController.m */,
				D4C02E30102C221900FD1D3B /* TWOBSTableViewController.h */,
				D4C02E31102C221900FD1D3B /* TWOBSTableViewController.m */,
				D426D6B5102D142C00BBBEB3 /* TWOBSResultTableViewController.h */,
				D426D6B6102D142C00BBBEB3 /* TWOBSResultTableViewController.m */,
				D426D6DB102D17D400BBBEB3 /* TWOBSCell.h */,
				D426D6DC102D17D400BBBEB3 /* TWOBSCell.m */,
			);
			name = More;
			sourceTree = "<group>";
		};
		D4C02C38102C03E000FD1D3B /* Favorite */ = {
			isa = PBXGroup;
			children = (
				D4C02C3B102C03F700FD1D3B /* TWFavoriteTableViewController.h */,
				D4C02C3C102C03F700FD1D3B /* TWFavoriteTableViewController.m */,
				D489E4F81023F2A200189460 /* TWLocationSettingTableViewController.h */,
				D489E4F91023F2A200189460 /* TWLocationSettingTableViewController.m */,
			);
			name = Favorite;
			sourceTree = "<group>";
		};
		D4C3A0CA102235B800E7A430 /* External Libraries */ = {
			isa = PBXGroup;
			children = (
				D4E509401023C171002B39D7 /* cocoa_crypto_hashing */,
				D4C3A0CB102235C900E7A430 /* LFWebAPIKit */,
			);
			name = "External Libraries";
			sourceTree = "<group>";
		};
		D4C3A0CB102235C900E7A430 /* LFWebAPIKit */ = {
			isa = PBXGroup;
			children = (
				D4C3A0CE102235DB00E7A430 /* NSData+LFHTTPFormExtensions.m */,
				D4C3A0CF102235DB00E7A430 /* LFHTTPRequest.h */,
				D4C3A0D0102235DB00E7A430 /* LFHTTPRequest.m */,
				D4C3A0D1102235DB00E7A430 /* LFSiteReachability.h */,
				D4C3A0D2102235DB00E7A430 /* LFSiteReachability.m */,
				D4C3A0D3102235DB00E7A430 /* LFWebAPIKit.h */,
				D4C3A0D4102235DB00E7A430 /* NSData+LFHTTPFormExtensions.h */,
			);
			name = LFWebAPIKit;
			sourceTree = "<group>";
		};
		D4C3A0D81022360F00E7A430 /* TWAPIBOX */ = {
			isa = PBXGroup;
			children = (
				D471EBD3102F47A300768C5B /* Tests */,
				D4C3A0DB1022361E00E7A430 /* TWAPIBox.h */,
				D4C3A0DC1022361E00E7A430 /* TWAPIBox.m */,
				D4E5025610233338002B39D7 /* TWAPIBox+Info.h */,
				D4E5025710233338002B39D7 /* TWAPIBox+Info.m */,
				D489E3841023DF2500189460 /* TWAPIBox+Cache.h */,
				D489E3831023DF2500189460 /* TWAPIBox+Cache.m */,
				D4C02AAC102BD47000FD1D3B /* TWAPIBox+Private.h */,
				D4C02AAD102BD47000FD1D3B /* TWAPIBox+Private.m */,
			);
			name = TWAPIBOX;
			sourceTree = "<group>";
		};
		D4E509401023C171002B39D7 /* cocoa_crypto_hashing */ = {
			isa = PBXGroup;
			children = (
				D4E509421023C17F002B39D7 /* CocoaCryptoHashing.h */,
				D4E509411023C17F002B39D7 /* CocoaCryptoHashing.m */,
			);
			name = cocoa_crypto_hashing;
			sourceTree = "<group>";
		};
/* End PBXGroup section */

/* Begin PBXNativeTarget section */
		1D6058900D05DD3D006BFB54 /* TWWeather */ = {
			isa = PBXNativeTarget;
			buildConfigurationList = 1D6058960D05DD3E006BFB54 /* Build configuration list for PBXNativeTarget "TWWeather" */;
			buildPhases = (
				1D60588D0D05DD3D006BFB54 /* Resources */,
				1D60588E0D05DD3D006BFB54 /* Sources */,
				1D60588F0D05DD3D006BFB54 /* Frameworks */,
			);
			buildRules = (
			);
			dependencies = (
			);
			name = TWWeather;
			productName = TWWeather;
			productReference = 1D6058910D05DD3D006BFB54 /* TWWeather.app */;
			productType = "com.apple.product-type.application";
		};
		D471EAB7102F460600768C5B /* TWTests */ = {
			isa = PBXNativeTarget;
			buildConfigurationList = D471EABC102F460700768C5B /* Build configuration list for PBXNativeTarget "TWTests" */;
			buildPhases = (
				D471EAB3102F460600768C5B /* Resources */,
				D471EAB4102F460600768C5B /* Sources */,
				D471EAB5102F460600768C5B /* Frameworks */,
				D471EAB6102F460600768C5B /* ShellScript */,
			);
			buildRules = (
			);
			dependencies = (
			);
			name = TWTests;
			productName = TWTests;
			productReference = D471EAB8102F460600768C5B /* TWTests.octest */;
			productType = "com.apple.product-type.bundle";
		};
/* End PBXNativeTarget section */

/* Begin PBXProject section */
		29B97313FDCFA39411CA2CEA /* Project object */ = {
			isa = PBXProject;
			buildConfigurationList = C01FCF4E08A954540054247B /* Build configuration list for PBXProject "TWWeather" */;
			compatibilityVersion = "Xcode 3.1";
			hasScannedForEncodings = 1;
			knownRegions = (
				English,
				Japanese,
				French,
				German,
				en,
				"zh-Hant",
			);
			mainGroup = 29B97314FDCFA39411CA2CEA /* CustomTemplate */;
			projectDirPath = "";
			projectRoot = "";
			targets = (
				1D6058900D05DD3D006BFB54 /* TWWeather */,
				D471EAB7102F460600768C5B /* TWTests */,
			);
		};
/* End PBXProject section */

/* Begin PBXResourcesBuildPhase section */
		1D60588D0D05DD3D006BFB54 /* Resources */ = {
			isa = PBXResourcesBuildPhase;
			buildActionMask = 2147483647;
			files = (
				28AD73600D9D9599002E5188 /* MainWindow.xib in Resources */,
				D489E3AC1023E00100189460 /* DayCloudy.png in Resources */,
				D489E3AD1023E00100189460 /* DayCloudyGlommy.png in Resources */,
				D489E3AE1023E00100189460 /* DayCloudySunny.png in Resources */,
				D489E3AF1023E00100189460 /* DayGlommy.png in Resources */,
				D489E3B01023E00100189460 /* DayGloomyRainy.png in Resources */,
				D489E3B11023E00100189460 /* DayRainy.png in Resources */,
				D489E3B21023E00100189460 /* DaySunny.png in Resources */,
				D489E3B31023E00100189460 /* DaySunnyCloudy.png in Resources */,
				D489E3B51023E00100189460 /* NightCloudy.png in Resources */,
				D489E3B61023E00100189460 /* NightCloudyGlommy.png in Resources */,
				D489E3B71023E00100189460 /* NightCloudySunny.png in Resources */,
				D489E3B81023E00100189460 /* NightGlommy.png in Resources */,
				D489E3B91023E00100189460 /* NightGloomyRainy.png in Resources */,
				D489E3BA1023E00100189460 /* NightRainy.png in Resources */,
				D489E3BB1023E00100189460 /* NightSunny.png in Resources */,
				D489E3BC1023E00100189460 /* NightSunnyCloudy.png in Resources */,
				D489E5961024DD7600189460 /* Default.png in Resources */,
				D489E59E1024EA4600189460 /* InfoPlist.strings in Resources */,
				D4E84FB1102D4BEC00A80676 /* Localizable.strings in Resources */,
				D4E85027102D668E00A80676 /* Icon.png in Resources */,
				D41B04361031F212000AA604 /* Entitlements.plist in Resources */,
				D4EDBEF71082034800C9EBFE /* TWWebController.xib in Resources */,
				D4EDBEFB1082042000C9EBFE /* webBack.png in Resources */,
				D4EDBEFC1082042000C9EBFE /* webForward.png in Resources */,
				D46045931083A64B00B97EEF /* tel.png in Resources */,
			);
			runOnlyForDeploymentPostprocessing = 0;
		};
		D471EAB3102F460600768C5B /* Resources */ = {
			isa = PBXResourcesBuildPhase;
			buildActionMask = 2147483647;
			files = (
			);
			runOnlyForDeploymentPostprocessing = 0;
		};
/* End PBXResourcesBuildPhase section */

/* Begin PBXShellScriptBuildPhase section */
		D471EAB6102F460600768C5B /* ShellScript */ = {
			isa = PBXShellScriptBuildPhase;
			buildActionMask = 2147483647;
			files = (
			);
			inputPaths = (
			);
			outputPaths = (
			);
			runOnlyForDeploymentPostprocessing = 0;
			shellPath = /bin/sh;
			shellScript = "# Run the unit tests in this test bundle.\n\"${SYSTEM_DEVELOPER_DIR}/Tools/RunUnitTests\"\n";
		};
/* End PBXShellScriptBuildPhase section */

/* Begin PBXSourcesBuildPhase section */
		1D60588E0D05DD3D006BFB54 /* Sources */ = {
			isa = PBXSourcesBuildPhase;
			buildActionMask = 2147483647;
			files = (
				1D60589B0D05DD56006BFB54 /* main.m in Sources */,
				1D3623260D0F684500981E51 /* TWWeatherAppDelegate.m in Sources */,
				28C286E10D94DF7D0034E888 /* TWRootViewController.m in Sources */,
				D4C3A0D5102235DB00E7A430 /* NSData+LFHTTPFormExtensions.m in Sources */,
				D4C3A0D6102235DB00E7A430 /* LFHTTPRequest.m in Sources */,
				D4C3A0D7102235DB00E7A430 /* LFSiteReachability.m in Sources */,
				D4C3A0DD1022361E00E7A430 /* TWAPIBox.m in Sources */,
				D4E5025810233338002B39D7 /* TWAPIBox+Info.m in Sources */,
				D4E5029A10234126002B39D7 /* TWBasicForecastTableViewController.m in Sources */,
				D4E502A8102343C6002B39D7 /* TWForecastTableViewController.m in Sources */,
				D4E502F910234698002B39D7 /* TWForecastResultTableViewController.m in Sources */,
				D4E5033310234C2D002B39D7 /* TWForecastResultCell.m in Sources */,
				D4E503DE102357FC002B39D7 /* TWLoadingCell.m in Sources */,
				D4E5042A10235B65002B39D7 /* TWWeekTableViewController.m in Sources */,
				D4E5046710235E92002B39D7 /* TWWeekResultTableViewController.m in Sources */,
				D4E504AE10236201002B39D7 /* TWWeekResultCell.m in Sources */,
				D4E5052710236A1A002B39D7 /* TWWeekTravelTableViewController.m in Sources */,
				D4E5057010236C6B002B39D7 /* TWThreeDaySeaTableViewController.m in Sources */,
				D4E505A210236EF0002B39D7 /* TWThreeDaySeaResultTableViewController.m in Sources */,
				D4E505E2102370EF002B39D7 /* TWThreeDaySeaCell.m in Sources */,
				D4E5063610237768002B39D7 /* TWNearSeaTableViewController.m in Sources */,
				D4E5068010237944002B39D7 /* TWNearSeaResultTableViewController.m in Sources */,
				D4E506A510237A99002B39D7 /* TWNearSeaCell.m in Sources */,
				D4E507351023838B002B39D7 /* TWTideTableViewController.m in Sources */,
				D4E5075510238538002B39D7 /* TWTideResultTableViewController.m in Sources */,
				D4E5078D10238957002B39D7 /* TWTideCell.m in Sources */,
				D4E50843102391DB002B39D7 /* TWErrorViewController.m in Sources */,
				D4E508D1102399E0002B39D7 /* TWOverviewViewController.m in Sources */,
				D4E509431023C17F002B39D7 /* CocoaCryptoHashing.m in Sources */,
				D4E509B31023CB85002B39D7 /* TWImageTableViewController.m in Sources */,
				D42C7A091023CF59009C3C4E /* TWImageViewController.m in Sources */,
				D489E3851023DF2500189460 /* TWAPIBox+Cache.m in Sources */,
				D489E4FA1023F2A200189460 /* TWLocationSettingTableViewController.m in Sources */,
				D489E5A61024EB3F00189460 /* TWAboutViewController.m in Sources */,
				D4C02AAE102BD47000FD1D3B /* TWAPIBox+Private.m in Sources */,
				D4C02C3D102C03F700FD1D3B /* TWFavoriteTableViewController.m in Sources */,
				D4C02E32102C221900FD1D3B /* TWOBSTableViewController.m in Sources */,
				D426D6B7102D142C00BBBEB3 /* TWOBSResultTableViewController.m in Sources */,
				D426D6DD102D17D400BBBEB3 /* TWOBSCell.m in Sources */,
				D426D8CF102D377600BBBEB3 /* TWLoadingView.m in Sources */,
				D4EDBEF31082032900C9EBFE /* TWWebController.m in Sources */,
			);
			runOnlyForDeploymentPostprocessing = 0;
		};
		D471EAB4102F460600768C5B /* Sources */ = {
			isa = PBXSourcesBuildPhase;
			buildActionMask = 2147483647;
			files = (
				D471EAEA102F473F00768C5B /* NSData+LFHTTPFormExtensions.m in Sources */,
				D471EAEB102F473F00768C5B /* LFHTTPRequest.m in Sources */,
				D471EAEC102F473F00768C5B /* LFSiteReachability.m in Sources */,
				D471EAE1102F471B00768C5B /* TWAPIBox.m in Sources */,
				D471EAE2102F471B00768C5B /* TWAPIBox+Info.m in Sources */,
				D471EAE3102F471B00768C5B /* TWAPIBox+Cache.m in Sources */,
				D471EAE4102F471B00768C5B /* TWAPIBox+Private.m in Sources */,
				D471EBD8102F47D400768C5B /* TWAPITest.m in Sources */,
				D44C172C10309942006B6698 /* CocoaCryptoHashing.m in Sources */,
			);
			runOnlyForDeploymentPostprocessing = 0;
		};
/* End PBXSourcesBuildPhase section */

/* Begin PBXVariantGroup section */
		D489E59D1024EA4600189460 /* InfoPlist.strings */ = {
			isa = PBXVariantGroup;
			children = (
				D489E59B1024EA4300189460 /* English */,
				D4E84FAA102D4A5200A80676 /* zh-Hant */,
			);
			name = InfoPlist.strings;
			sourceTree = "<group>";
		};
		D4E84FAF102D4BEC00A80676 /* Localizable.strings */ = {
			isa = PBXVariantGroup;
			children = (
				D4E84FB0102D4BEC00A80676 /* English */,
				D4E84FB3102D4C0500A80676 /* zh-Hant */,
			);
			name = Localizable.strings;
			sourceTree = "<group>";
		};
/* End PBXVariantGroup section */

/* Begin XCBuildConfiguration section */
		1D6058940D05DD3E006BFB54 /* Debug */ = {
			isa = XCBuildConfiguration;
			buildSettings = {
				ALWAYS_SEARCH_USER_PATHS = NO;
				COPY_PHASE_STRIP = NO;
				GCC_DYNAMIC_NO_PIC = NO;
				GCC_OPTIMIZATION_LEVEL = 0;
				GCC_PRECOMPILE_PREFIX_HEADER = YES;
				GCC_PREFIX_HEADER = TWWeather_Prefix.pch;
				INFOPLIST_FILE = "TWWeather-Info.plist";
				PRODUCT_NAME = TWWeather;
				SDKROOT = iphoneos3.0;
			};
			name = Debug;
		};
		1D6058950D05DD3E006BFB54 /* Release */ = {
			isa = XCBuildConfiguration;
			buildSettings = {
				ALWAYS_SEARCH_USER_PATHS = NO;
				"CODE_SIGN_IDENTITY[sdk=iphoneos*]" = "iPhone Distribution";
				COPY_PHASE_STRIP = YES;
				GCC_PRECOMPILE_PREFIX_HEADER = YES;
				GCC_PREFIX_HEADER = TWWeather_Prefix.pch;
				INFOPLIST_FILE = "TWWeather-Info.plist";
				PRODUCT_NAME = TWWeather;
				"PROVISIONING_PROFILE[sdk=iphoneos*]" = "";
			};
			name = Release;
		};
		C01FCF4F08A954540054247B /* Debug */ = {
			isa = XCBuildConfiguration;
			buildSettings = {
				ARCHS = "$(ARCHS_STANDARD_32_BIT)";
				"CODE_SIGN_IDENTITY[sdk=iphoneos*]" = "iPhone Developer";
				GCC_C_LANGUAGE_STANDARD = c99;
				GCC_WARN_ABOUT_RETURN_TYPE = YES;
				GCC_WARN_UNUSED_VARIABLE = YES;
				PREBINDING = NO;
				SDKROOT = iphoneos3.1;
			};
			name = Debug;
		};
		C01FCF5008A954540054247B /* Release */ = {
			isa = XCBuildConfiguration;
			buildSettings = {
				ARCHS = "$(ARCHS_STANDARD_32_BIT)";
				"CODE_SIGN_IDENTITY[sdk=iphoneos*]" = "iPhone Developer";
				GCC_C_LANGUAGE_STANDARD = c99;
				GCC_WARN_ABOUT_RETURN_TYPE = YES;
				GCC_WARN_UNUSED_VARIABLE = YES;
				PREBINDING = NO;
				SDKROOT = iphoneos3.1;
			};
			name = Release;
		};
		D41B042E1031F1C1000AA604 /* Distribution */ = {
			isa = XCBuildConfiguration;
			buildSettings = {
				ARCHS = "$(ARCHS_STANDARD_32_BIT)";
				"CODE_SIGN_IDENTITY[sdk=iphoneos*]" = "iPhone Developer";
				GCC_C_LANGUAGE_STANDARD = c99;
				GCC_WARN_ABOUT_RETURN_TYPE = YES;
				GCC_WARN_UNUSED_VARIABLE = YES;
				PREBINDING = NO;
				SDKROOT = iphoneos3.1;
			};
			name = Distribution;
		};
		D41B042F1031F1C1000AA604 /* Distribution */ = {
			isa = XCBuildConfiguration;
			buildSettings = {
				ALWAYS_SEARCH_USER_PATHS = NO;
				CODE_SIGN_ENTITLEMENTS = Entitlements.plist;
				CODE_SIGN_IDENTITY = "iPhone Distribution";
				"CODE_SIGN_IDENTITY[sdk=iphoneos*]" = "iPhone Distribution";
				COPY_PHASE_STRIP = YES;
				GCC_PRECOMPILE_PREFIX_HEADER = YES;
				GCC_PREFIX_HEADER = TWWeather_Prefix.pch;
				INFOPLIST_FILE = "TWWeather-Info.plist";
				PRODUCT_NAME = TWWeather;
				PROVISIONING_PROFILE = "";
				"PROVISIONING_PROFILE[sdk=iphoneos*]" = "";
			};
			name = Distribution;
		};
		D41B04301031F1C1000AA604 /* Distribution */ = {
			isa = XCBuildConfiguration;
			buildSettings = {
				ALWAYS_SEARCH_USER_PATHS = NO;
				COPY_PHASE_STRIP = YES;
				DEBUG_INFORMATION_FORMAT = "dwarf-with-dsym";
				FRAMEWORK_SEARCH_PATHS = (
					"\"$(SDKROOT)/Developer/Library/Frameworks\"",
					"\"$(DEVELOPER_LIBRARY_DIR)/Frameworks\"",
				);
				GCC_ENABLE_FIX_AND_CONTINUE = NO;
				GCC_ENABLE_OBJC_EXCEPTIONS = YES;
				INFOPLIST_FILE = "TWTests-Info.plist";
				OTHER_LDFLAGS = (
					"-framework",
					Foundation,
					"-framework",
					SenTestingKit,
					"-framework",
					UIKit,
				);
				PREBINDING = NO;
				PRODUCT_NAME = TWTests;
				WRAPPER_EXTENSION = octest;
				ZERO_LINK = NO;
			};
			name = Distribution;
		};
		D471EABA102F460700768C5B /* Debug */ = {
			isa = XCBuildConfiguration;
			buildSettings = {
				ALWAYS_SEARCH_USER_PATHS = NO;
				COPY_PHASE_STRIP = NO;
				FRAMEWORK_SEARCH_PATHS = (
					"\"$(SDKROOT)/Developer/Library/Frameworks\"",
					"\"$(DEVELOPER_LIBRARY_DIR)/Frameworks\"",
				);
				GCC_DYNAMIC_NO_PIC = NO;
				GCC_ENABLE_FIX_AND_CONTINUE = NO;
				GCC_ENABLE_OBJC_EXCEPTIONS = YES;
				GCC_OPTIMIZATION_LEVEL = 0;
				INFOPLIST_FILE = "TWTests-Info.plist";
				OTHER_LDFLAGS = (
					"-framework",
					Foundation,
					"-framework",
					SenTestingKit,
					"-framework",
					UIKit,
				);
				PREBINDING = NO;
				PRODUCT_NAME = TWTests;
				SDKROOT = iphoneos3.0;
				WRAPPER_EXTENSION = octest;
			};
			name = Debug;
		};
		D471EABB102F460700768C5B /* Release */ = {
			isa = XCBuildConfiguration;
			buildSettings = {
				ALWAYS_SEARCH_USER_PATHS = NO;
				COPY_PHASE_STRIP = YES;
				DEBUG_INFORMATION_FORMAT = "dwarf-with-dsym";
				FRAMEWORK_SEARCH_PATHS = (
					"\"$(SDKROOT)/Developer/Library/Frameworks\"",
					"\"$(DEVELOPER_LIBRARY_DIR)/Frameworks\"",
				);
				GCC_ENABLE_FIX_AND_CONTINUE = NO;
				GCC_ENABLE_OBJC_EXCEPTIONS = YES;
				INFOPLIST_FILE = "TWTests-Info.plist";
				OTHER_LDFLAGS = (
					"-framework",
					Foundation,
					"-framework",
					SenTestingKit,
					"-framework",
					UIKit,
				);
				PREBINDING = NO;
				PRODUCT_NAME = TWTests;
				WRAPPER_EXTENSION = octest;
				ZERO_LINK = NO;
			};
			name = Release;
		};
/* End XCBuildConfiguration section */

/* Begin XCConfigurationList section */
		1D6058960D05DD3E006BFB54 /* Build configuration list for PBXNativeTarget "TWWeather" */ = {
			isa = XCConfigurationList;
			buildConfigurations = (
				1D6058940D05DD3E006BFB54 /* Debug */,
				1D6058950D05DD3E006BFB54 /* Release */,
				D41B042F1031F1C1000AA604 /* Distribution */,
			);
			defaultConfigurationIsVisible = 0;
			defaultConfigurationName = Release;
		};
		C01FCF4E08A954540054247B /* Build configuration list for PBXProject "TWWeather" */ = {
			isa = XCConfigurationList;
			buildConfigurations = (
				C01FCF4F08A954540054247B /* Debug */,
				C01FCF5008A954540054247B /* Release */,
				D41B042E1031F1C1000AA604 /* Distribution */,
			);
			defaultConfigurationIsVisible = 0;
			defaultConfigurationName = Release;
		};
		D471EABC102F460700768C5B /* Build configuration list for PBXNativeTarget "TWTests" */ = {
			isa = XCConfigurationList;
			buildConfigurations = (
				D471EABA102F460700768C5B /* Debug */,
				D471EABB102F460700768C5B /* Release */,
				D41B04301031F1C1000AA604 /* Distribution */,
			);
			defaultConfigurationIsVisible = 0;
			defaultConfigurationName = Release;
		};
/* End XCConfigurationList section */
	};
	rootObject = 29B97313FDCFA39411CA2CEA /* Project object */;
}
